// !$*UTF8*$!
{
	archiveVersion = 1;
	classes = {
	};
	objectVersion = 52;
	objects = {

/* Begin PBXBuildFile section */
		380EA70225101CD500B03D5B /* FeedImageDataStoreSpy.swift in Sources */ = {isa = PBXBuildFile; fileRef = 380EA70125101CD500B03D5B /* FeedImageDataStoreSpy.swift */; };
		380EA70425101E8F00B03D5B /* CacheFeedImageDataUseCaseTests.swift in Sources */ = {isa = PBXBuildFile; fileRef = 380EA70325101E8F00B03D5B /* CacheFeedImageDataUseCaseTests.swift */; };
		3822795F24E30BCD00FAC5A3 /* FeedCachePolicy.swift in Sources */ = {isa = PBXBuildFile; fileRef = 3822795E24E30BCD00FAC5A3 /* FeedCachePolicy.swift */; };
		3822796124E3208A00FAC5A3 /* CodableFeedStoreTests.swift in Sources */ = {isa = PBXBuildFile; fileRef = 3822796024E3208A00FAC5A3 /* CodableFeedStoreTests.swift */; };
		3822796324E367E000FAC5A3 /* CodableFeedStore.swift in Sources */ = {isa = PBXBuildFile; fileRef = 3822796224E367E000FAC5A3 /* CodableFeedStore.swift */; };
		3828749B24F3023B008447C2 /* EssentialFeed.framework in Frameworks */ = {isa = PBXBuildFile; fileRef = 383CCEFD24D0CFE400D89226 /* EssentialFeed.framework */; platformFilter = ios; };
		3828749C24F3023B008447C2 /* EssentialFeed.framework in Embed Frameworks */ = {isa = PBXBuildFile; fileRef = 383CCEFD24D0CFE400D89226 /* EssentialFeed.framework */; platformFilter = ios; settings = {ATTRIBUTES = (CodeSignOnCopy, RemoveHeadersOnCopy, ); }; };
		382874A024F302DC008447C2 /* XCTestCase+MemoryLeaksTracking.swift in Sources */ = {isa = PBXBuildFile; fileRef = 38AF875E24D79882005D3834 /* XCTestCase+MemoryLeaksTracking.swift */; };
		382874A224F30D25008447C2 /* FeedViewController.swift in Sources */ = {isa = PBXBuildFile; fileRef = 382874A124F30D25008447C2 /* FeedViewController.swift */; };
		383CCF0724D0CFE400D89226 /* EssentialFeed.framework in Frameworks */ = {isa = PBXBuildFile; fileRef = 383CCEFD24D0CFE400D89226 /* EssentialFeed.framework */; };
		383CCF1824D0D02000D89226 /* FeedImage.swift in Sources */ = {isa = PBXBuildFile; fileRef = 383CCF1724D0D02000D89226 /* FeedImage.swift */; };
		383CCF1A24D0D2E700D89226 /* FeedLoader.swift in Sources */ = {isa = PBXBuildFile; fileRef = 383CCF1924D0D2E700D89226 /* FeedLoader.swift */; };
		383CCF1D24D0D8D500D89226 /* LoadFeedFromRemoteUseCaseTests.swift in Sources */ = {isa = PBXBuildFile; fileRef = 383CCF1C24D0D8D500D89226 /* LoadFeedFromRemoteUseCaseTests.swift */; };
		3857AF95251C2F2B004CC829 /* FeedCache.swift in Sources */ = {isa = PBXBuildFile; fileRef = 3857AF94251C2F2B004CC829 /* FeedCache.swift */; };
		3857AFA9251C4075004CC829 /* FeedImageDataCache.swift in Sources */ = {isa = PBXBuildFile; fileRef = 3857AFA8251C4075004CC829 /* FeedImageDataCache.swift */; };
		385C63012558A2D5008C39BF /* LoadImageCommentsFromRemoteUseCaseTests.swift in Sources */ = {isa = PBXBuildFile; fileRef = 385C63002558A2D5008C39BF /* LoadImageCommentsFromRemoteUseCaseTests.swift */; };
		385C63082558A418008C39BF /* RemoteImageCommentsLoader.swift in Sources */ = {isa = PBXBuildFile; fileRef = 385C63072558A418008C39BF /* RemoteImageCommentsLoader.swift */; };
		385C63192558A51A008C39BF /* ImageCommentsMapper.swift in Sources */ = {isa = PBXBuildFile; fileRef = 385C63182558A51A008C39BF /* ImageCommentsMapper.swift */; };
		385C63212558AABB008C39BF /* ImageComment.swift in Sources */ = {isa = PBXBuildFile; fileRef = 385C63202558AABB008C39BF /* ImageComment.swift */; };
		386484EF24E59C6600B66E0E /* FeedStoreSpecs.swift in Sources */ = {isa = PBXBuildFile; fileRef = 386484EE24E59C6600B66E0E /* FeedStoreSpecs.swift */; };
		386484F124E59D5E00B66E0E /* XCTestCase+FeedStoreSpecs.swift in Sources */ = {isa = PBXBuildFile; fileRef = 386484F024E59D5E00B66E0E /* XCTestCase+FeedStoreSpecs.swift */; };
		386484F324E59F8000B66E0E /* FailableRetrieveFeedStoreSpecs.swift in Sources */ = {isa = PBXBuildFile; fileRef = 386484F224E59F8000B66E0E /* FailableRetrieveFeedStoreSpecs.swift */; };
		386484F524E59FA500B66E0E /* FailableInsertFeedStoreSpecs.swift in Sources */ = {isa = PBXBuildFile; fileRef = 386484F424E59FA500B66E0E /* FailableInsertFeedStoreSpecs.swift */; };
		386484F724E59FC200B66E0E /* FailableDeleteFeedStoreSpecs.swift in Sources */ = {isa = PBXBuildFile; fileRef = 386484F624E59FC200B66E0E /* FailableDeleteFeedStoreSpecs.swift */; };
		3868520D24E9AA9B00098EF6 /* CoreDataFeedStoreTests.swift in Sources */ = {isa = PBXBuildFile; fileRef = 3868520C24E9AA9B00098EF6 /* CoreDataFeedStoreTests.swift */; };
		3868520F24E9B0FA00098EF6 /* CoreDataFeedStore.swift in Sources */ = {isa = PBXBuildFile; fileRef = 3868520E24E9B0FA00098EF6 /* CoreDataFeedStore.swift */; };
		3868521224E9B4C000098EF6 /* FeedStore.xcdatamodeld in Sources */ = {isa = PBXBuildFile; fileRef = 3868521024E9B4C000098EF6 /* FeedStore.xcdatamodeld */; };
		3868FB6324E9DE1B00DF19F6 /* CoreDataHelpers.swift in Sources */ = {isa = PBXBuildFile; fileRef = 3868FB6224E9DE1B00DF19F6 /* CoreDataHelpers.swift */; };
		3868FB6624E9DE8400DF19F6 /* ManagedFeedImage.swift in Sources */ = {isa = PBXBuildFile; fileRef = 3868FB6524E9DE8400DF19F6 /* ManagedFeedImage.swift */; };
		3868FB6824E9DE8E00DF19F6 /* ManagedCache.swift in Sources */ = {isa = PBXBuildFile; fileRef = 3868FB6724E9DE8E00DF19F6 /* ManagedCache.swift */; };
		3868FB7124E9E1B000DF19F6 /* EssentialFeedCacheIntegrationTests.swift in Sources */ = {isa = PBXBuildFile; fileRef = 3868FB7024E9E1B000DF19F6 /* EssentialFeedCacheIntegrationTests.swift */; };
		3868FB7324E9E1B000DF19F6 /* EssentialFeed.framework in Frameworks */ = {isa = PBXBuildFile; fileRef = 383CCEFD24D0CFE400D89226 /* EssentialFeed.framework */; };
		3868FB7924E9E45700DF19F6 /* XCTestCase+MemoryLeaksTracking.swift in Sources */ = {isa = PBXBuildFile; fileRef = 38AF875E24D79882005D3834 /* XCTestCase+MemoryLeaksTracking.swift */; };
		3868FB7A24E9E61500DF19F6 /* SharedTestsHelpers.swift in Sources */ = {isa = PBXBuildFile; fileRef = 389531F024E20F14007F0FF7 /* SharedTestsHelpers.swift */; };
		3868FB7B24E9E6B900DF19F6 /* FeedCacheTestsHelpers.swift in Sources */ = {isa = PBXBuildFile; fileRef = 389531EE24E20D86007F0FF7 /* FeedCacheTestsHelpers.swift */; };
		386BBCB724D7331E0084F6AD /* HTTPClient.swift in Sources */ = {isa = PBXBuildFile; fileRef = 386BBCB624D7331E0084F6AD /* HTTPClient.swift */; };
		386BBCB924D733990084F6AD /* FeedItemsMapper.swift in Sources */ = {isa = PBXBuildFile; fileRef = 386BBCB824D733990084F6AD /* FeedItemsMapper.swift */; };
		387049FA250000540034168B /* Feed.storyboard in Resources */ = {isa = PBXBuildFile; fileRef = 387049F9250000540034168B /* Feed.storyboard */; };
		387049FC250000DD0034168B /* Feed.xcassets in Resources */ = {isa = PBXBuildFile; fileRef = 387049FB250000DD0034168B /* Feed.xcassets */; };
		387049FE250011A20034168B /* UITableView+Dequeueing.swift in Sources */ = {isa = PBXBuildFile; fileRef = 387049FD250011A20034168B /* UITableView+Dequeueing.swift */; };
		38704A00250012480034168B /* UIImageView+Animations.swift in Sources */ = {isa = PBXBuildFile; fileRef = 387049FF250012480034168B /* UIImageView+Animations.swift */; };
		3878F43124F319A100CEEDDF /* FeedImageCell.swift in Sources */ = {isa = PBXBuildFile; fileRef = 3878F43024F319A100CEEDDF /* FeedImageCell.swift */; };
		3878F43324F3369300CEEDDF /* UIView+Shimmering.swift in Sources */ = {isa = PBXBuildFile; fileRef = 3878F43224F3369300CEEDDF /* UIView+Shimmering.swift */; };
		387B1F3524D221F900CDB3FB /* RemoteFeedLoader.swift in Sources */ = {isa = PBXBuildFile; fileRef = 387B1F3424D221F900CDB3FB /* RemoteFeedLoader.swift */; };
		38892B9524F45A5800E3D651 /* FeedImageCellController.swift in Sources */ = {isa = PBXBuildFile; fileRef = 38892B9424F45A5800E3D651 /* FeedImageCellController.swift */; };
		3891A8BC250E941400ABAEB2 /* HTTPClientSpy.swift in Sources */ = {isa = PBXBuildFile; fileRef = 3891A8BB250E941400ABAEB2 /* HTTPClientSpy.swift */; };
		3891A8BE250E962C00ABAEB2 /* RemoteFeedImageDataLoader.swift in Sources */ = {isa = PBXBuildFile; fileRef = 3891A8BD250E962C00ABAEB2 /* RemoteFeedImageDataLoader.swift */; };
		3891A8C1250EA59800ABAEB2 /* HTTPURLResponse+StatusCode.swift in Sources */ = {isa = PBXBuildFile; fileRef = 3891A8C0250EA59800ABAEB2 /* HTTPURLResponse+StatusCode.swift */; };
		3891A8C3250EA66500ABAEB2 /* URLProtocolStub.swift in Sources */ = {isa = PBXBuildFile; fileRef = 3891A8C2250EA66500ABAEB2 /* URLProtocolStub.swift */; };
		3891A8C7250EB51400ABAEB2 /* LoadFeedImageDataFromCacheUseCaseTests.swift in Sources */ = {isa = PBXBuildFile; fileRef = 3891A8C6250EB51400ABAEB2 /* LoadFeedImageDataFromCacheUseCaseTests.swift */; };
		3891A8C9250ED32000ABAEB2 /* LocalFeedImageDataLoader.swift in Sources */ = {isa = PBXBuildFile; fileRef = 3891A8C8250ED32000ABAEB2 /* LocalFeedImageDataLoader.swift */; };
		3891A8CB250ED35B00ABAEB2 /* FeedImageDataStore.swift in Sources */ = {isa = PBXBuildFile; fileRef = 3891A8CA250ED35B00ABAEB2 /* FeedImageDataStore.swift */; };
		389531E824E1D712007F0FF7 /* LoadFeedFromCacheUseCaseTests.swift in Sources */ = {isa = PBXBuildFile; fileRef = 389531E724E1D712007F0FF7 /* LoadFeedFromCacheUseCaseTests.swift */; };
		389531EB24E1DAFC007F0FF7 /* FeedStoreSpy.swift in Sources */ = {isa = PBXBuildFile; fileRef = 389531EA24E1DAFC007F0FF7 /* FeedStoreSpy.swift */; };
		389531ED24E205CC007F0FF7 /* ValidateFeedCacheUseCaseTests.swift in Sources */ = {isa = PBXBuildFile; fileRef = 389531EC24E205CC007F0FF7 /* ValidateFeedCacheUseCaseTests.swift */; };
		389531EF24E20D86007F0FF7 /* FeedCacheTestsHelpers.swift in Sources */ = {isa = PBXBuildFile; fileRef = 389531EE24E20D86007F0FF7 /* FeedCacheTestsHelpers.swift */; };
		389531F124E20F14007F0FF7 /* SharedTestsHelpers.swift in Sources */ = {isa = PBXBuildFile; fileRef = 389531F024E20F14007F0FF7 /* SharedTestsHelpers.swift */; };
		389EA857250AAD2C0031DC29 /* ErrorView.swift in Sources */ = {isa = PBXBuildFile; fileRef = 389EA856250AAD2C0031DC29 /* ErrorView.swift */; };
		389EA85C250AB2BE0031DC29 /* UIRefreshControl+Helpers.swift in Sources */ = {isa = PBXBuildFile; fileRef = 389EA85B250AB2BE0031DC29 /* UIRefreshControl+Helpers.swift */; };
		389EA85F250ABA5F0031DC29 /* FeedPresenterTests.swift in Sources */ = {isa = PBXBuildFile; fileRef = 389EA85E250ABA5F0031DC29 /* FeedPresenterTests.swift */; };
		389EA869250AC7080031DC29 /* FeedPresenter.swift in Sources */ = {isa = PBXBuildFile; fileRef = 389EA868250AC7080031DC29 /* FeedPresenter.swift */; };
		389EA86A250AC7F20031DC29 /* Feed.strings in Resources */ = {isa = PBXBuildFile; fileRef = 389EA864250AC56D0031DC29 /* Feed.strings */; };
		389EA86C250AC8640031DC29 /* FeedLoadingViewModel.swift in Sources */ = {isa = PBXBuildFile; fileRef = 389EA86B250AC8640031DC29 /* FeedLoadingViewModel.swift */; };
		389EA86E250AC8A20031DC29 /* FeedErrorViewModel.swift in Sources */ = {isa = PBXBuildFile; fileRef = 389EA86D250AC8A20031DC29 /* FeedErrorViewModel.swift */; };
		389EA870250ACA760031DC29 /* FeedViewModel.swift in Sources */ = {isa = PBXBuildFile; fileRef = 389EA86F250ACA760031DC29 /* FeedViewModel.swift */; };
		389EA871250ACABB0031DC29 /* FeedLocalizationTests.swift in Sources */ = {isa = PBXBuildFile; fileRef = 38704A1625002BA70034168B /* FeedLocalizationTests.swift */; };
		389EA873250ACFF40031DC29 /* FeedImagePresenterTests.swift in Sources */ = {isa = PBXBuildFile; fileRef = 389EA872250ACFF40031DC29 /* FeedImagePresenterTests.swift */; };
		389EA875250ADA920031DC29 /* FeedImagePresenter.swift in Sources */ = {isa = PBXBuildFile; fileRef = 389EA874250ADA920031DC29 /* FeedImagePresenter.swift */; };
		389EA877250ADAFA0031DC29 /* FeedImageViewModel.swift in Sources */ = {isa = PBXBuildFile; fileRef = 389EA876250ADAFA0031DC29 /* FeedImageViewModel.swift */; };
		389EA878250ADED60031DC29 /* FeedImageDataLoader.swift in Sources */ = {isa = PBXBuildFile; fileRef = 3886153C24F446D60089CA87 /* FeedImageDataLoader.swift */; };
		38A3028F24E0BAF50073C043 /* LocalFeedLoader.swift in Sources */ = {isa = PBXBuildFile; fileRef = 38A3028E24E0BAF50073C043 /* LocalFeedLoader.swift */; };
		38A3029124E0BB0A0073C043 /* FeedStore.swift in Sources */ = {isa = PBXBuildFile; fileRef = 38A3029024E0BB0A0073C043 /* FeedStore.swift */; };
		38A3029324E0C7A80073C043 /* RemoteFeedItem.swift in Sources */ = {isa = PBXBuildFile; fileRef = 38A3029224E0C7A80073C043 /* RemoteFeedItem.swift */; };
		38A3029524E0C7EB0073C043 /* LocalFeedImage.swift in Sources */ = {isa = PBXBuildFile; fileRef = 38A3029424E0C7EB0073C043 /* LocalFeedImage.swift */; };
		38A9192525102792009D77A0 /* CoreDataFeedImageDataStoreTests.swift in Sources */ = {isa = PBXBuildFile; fileRef = 38A9192425102792009D77A0 /* CoreDataFeedImageDataStoreTests.swift */; };
		38A9192D25102E9E009D77A0 /* CoreDataFeedStore+FeedImageDataLoader.swift in Sources */ = {isa = PBXBuildFile; fileRef = 38A9192C25102E9E009D77A0 /* CoreDataFeedStore+FeedImageDataLoader.swift */; };
		38A9192F251033A1009D77A0 /* CoreDataFeedStore+FeedStore.swift in Sources */ = {isa = PBXBuildFile; fileRef = 38A9192E251033A1009D77A0 /* CoreDataFeedStore+FeedStore.swift */; };
		38AF875C24D76931005D3834 /* URLSessionHTTPClientTests.swift in Sources */ = {isa = PBXBuildFile; fileRef = 38AF875B24D76931005D3834 /* URLSessionHTTPClientTests.swift */; };
		38AF875F24D79882005D3834 /* XCTestCase+MemoryLeaksTracking.swift in Sources */ = {isa = PBXBuildFile; fileRef = 38AF875E24D79882005D3834 /* XCTestCase+MemoryLeaksTracking.swift */; };
		38AF876124D7B617005D3834 /* URLSessionHTTPClient.swift in Sources */ = {isa = PBXBuildFile; fileRef = 38AF876024D7B617005D3834 /* URLSessionHTTPClient.swift */; };
		38AF876924D7BC13005D3834 /* EssentialFeedAPIEndToEndTests.swift in Sources */ = {isa = PBXBuildFile; fileRef = 38AF876824D7BC13005D3834 /* EssentialFeedAPIEndToEndTests.swift */; };
		38AF876B24D7BC13005D3834 /* EssentialFeed.framework in Frameworks */ = {isa = PBXBuildFile; fileRef = 383CCEFD24D0CFE400D89226 /* EssentialFeed.framework */; };
		38AF877124D7C179005D3834 /* XCTestCase+MemoryLeaksTracking.swift in Sources */ = {isa = PBXBuildFile; fileRef = 38AF875E24D79882005D3834 /* XCTestCase+MemoryLeaksTracking.swift */; };
		38C26D0724DB9ADE00389E35 /* CacheFeedUseCase.swift in Sources */ = {isa = PBXBuildFile; fileRef = 38C26D0624DB9ADE00389E35 /* CacheFeedUseCase.swift */; };
		38D5DA24250AE6E700FD5D19 /* LoadFeedImageDataFromRemoteUseCaseTests.swift in Sources */ = {isa = PBXBuildFile; fileRef = 38D5DA23250AE6E700FD5D19 /* LoadFeedImageDataFromRemoteUseCaseTests.swift */; };
		38E1483F24EF3A9A00CC2805 /* EssentialFeediOS.framework in Frameworks */ = {isa = PBXBuildFile; fileRef = 38E1483624EF3A9A00CC2805 /* EssentialFeediOS.framework */; };
		38EB42DD252A5F92000C5E3E /* FeedSnapshotTests.swift in Sources */ = {isa = PBXBuildFile; fileRef = 38EB42DC252A5F92000C5E3E /* FeedSnapshotTests.swift */; };
		38EB42E4252A651C000C5E3E /* snapshots in Resources */ = {isa = PBXBuildFile; fileRef = 38EB42E3252A651C000C5E3E /* snapshots */; };
		38EB42FE252A6862000C5E3E /* UIImage+TestHelpers.swift in Sources */ = {isa = PBXBuildFile; fileRef = 38EB42FD252A6862000C5E3E /* UIImage+TestHelpers.swift */; };
		38EB4305252A6ADC000C5E3E /* UITableView+HeaderSizing.swift in Sources */ = {isa = PBXBuildFile; fileRef = 38EB4304252A6ADC000C5E3E /* UITableView+HeaderSizing.swift */; };
		38EB4316252A79BA000C5E3E /* UIViewController+Snapshot.swift in Sources */ = {isa = PBXBuildFile; fileRef = 38EB4315252A79BA000C5E3E /* UIViewController+Snapshot.swift */; };
		38EB431D252A7A29000C5E3E /* XCTestCase+Snapshot.swift in Sources */ = {isa = PBXBuildFile; fileRef = 38EB431C252A7A29000C5E3E /* XCTestCase+Snapshot.swift */; };
/* End PBXBuildFile section */

/* Begin PBXContainerItemProxy section */
		3828749D24F3023B008447C2 /* PBXContainerItemProxy */ = {
			isa = PBXContainerItemProxy;
			containerPortal = 383CCEF424D0CFE400D89226 /* Project object */;
			proxyType = 1;
			remoteGlobalIDString = 383CCEFC24D0CFE400D89226;
			remoteInfo = EssentialFeed;
		};
		383CCF0824D0CFE400D89226 /* PBXContainerItemProxy */ = {
			isa = PBXContainerItemProxy;
			containerPortal = 383CCEF424D0CFE400D89226 /* Project object */;
			proxyType = 1;
			remoteGlobalIDString = 383CCEFC24D0CFE400D89226;
			remoteInfo = EssentialFeed;
		};
		3868FB7424E9E1B000DF19F6 /* PBXContainerItemProxy */ = {
			isa = PBXContainerItemProxy;
			containerPortal = 383CCEF424D0CFE400D89226 /* Project object */;
			proxyType = 1;
			remoteGlobalIDString = 383CCEFC24D0CFE400D89226;
			remoteInfo = EssentialFeed;
		};
		38AF876C24D7BC13005D3834 /* PBXContainerItemProxy */ = {
			isa = PBXContainerItemProxy;
			containerPortal = 383CCEF424D0CFE400D89226 /* Project object */;
			proxyType = 1;
			remoteGlobalIDString = 383CCEFC24D0CFE400D89226;
			remoteInfo = EssentialFeed;
		};
		38E1484024EF3A9A00CC2805 /* PBXContainerItemProxy */ = {
			isa = PBXContainerItemProxy;
			containerPortal = 383CCEF424D0CFE400D89226 /* Project object */;
			proxyType = 1;
			remoteGlobalIDString = 38E1483524EF3A9A00CC2805;
			remoteInfo = EssentialFeediOS;
		};
/* End PBXContainerItemProxy section */

/* Begin PBXCopyFilesBuildPhase section */
		3828749F24F3023B008447C2 /* Embed Frameworks */ = {
			isa = PBXCopyFilesBuildPhase;
			buildActionMask = 2147483647;
			dstPath = "";
			dstSubfolderSpec = 10;
			files = (
				3828749C24F3023B008447C2 /* EssentialFeed.framework in Embed Frameworks */,
			);
			name = "Embed Frameworks";
			runOnlyForDeploymentPostprocessing = 0;
		};
/* End PBXCopyFilesBuildPhase section */

/* Begin PBXFileReference section */
		380EA70125101CD500B03D5B /* FeedImageDataStoreSpy.swift */ = {isa = PBXFileReference; lastKnownFileType = sourcecode.swift; path = FeedImageDataStoreSpy.swift; sourceTree = "<group>"; };
		380EA70325101E8F00B03D5B /* CacheFeedImageDataUseCaseTests.swift */ = {isa = PBXFileReference; lastKnownFileType = sourcecode.swift; path = CacheFeedImageDataUseCaseTests.swift; sourceTree = "<group>"; };
		3822795E24E30BCD00FAC5A3 /* FeedCachePolicy.swift */ = {isa = PBXFileReference; lastKnownFileType = sourcecode.swift; path = FeedCachePolicy.swift; sourceTree = "<group>"; };
		3822796024E3208A00FAC5A3 /* CodableFeedStoreTests.swift */ = {isa = PBXFileReference; lastKnownFileType = sourcecode.swift; path = CodableFeedStoreTests.swift; sourceTree = "<group>"; };
		3822796224E367E000FAC5A3 /* CodableFeedStore.swift */ = {isa = PBXFileReference; lastKnownFileType = sourcecode.swift; path = CodableFeedStore.swift; sourceTree = "<group>"; };
		382874A124F30D25008447C2 /* FeedViewController.swift */ = {isa = PBXFileReference; lastKnownFileType = sourcecode.swift; path = FeedViewController.swift; sourceTree = "<group>"; };
		383CCEFD24D0CFE400D89226 /* EssentialFeed.framework */ = {isa = PBXFileReference; explicitFileType = wrapper.framework; includeInIndex = 0; path = EssentialFeed.framework; sourceTree = BUILT_PRODUCTS_DIR; };
		383CCF0124D0CFE400D89226 /* Info.plist */ = {isa = PBXFileReference; lastKnownFileType = text.plist.xml; path = Info.plist; sourceTree = "<group>"; };
		383CCF0624D0CFE400D89226 /* EssentialFeedTests.xctest */ = {isa = PBXFileReference; explicitFileType = wrapper.cfbundle; includeInIndex = 0; path = EssentialFeedTests.xctest; sourceTree = BUILT_PRODUCTS_DIR; };
		383CCF0D24D0CFE400D89226 /* Info.plist */ = {isa = PBXFileReference; lastKnownFileType = text.plist.xml; path = Info.plist; sourceTree = "<group>"; };
		383CCF1724D0D02000D89226 /* FeedImage.swift */ = {isa = PBXFileReference; lastKnownFileType = sourcecode.swift; path = FeedImage.swift; sourceTree = "<group>"; };
		383CCF1924D0D2E700D89226 /* FeedLoader.swift */ = {isa = PBXFileReference; lastKnownFileType = sourcecode.swift; path = FeedLoader.swift; sourceTree = "<group>"; };
		383CCF1C24D0D8D500D89226 /* LoadFeedFromRemoteUseCaseTests.swift */ = {isa = PBXFileReference; lastKnownFileType = sourcecode.swift; path = LoadFeedFromRemoteUseCaseTests.swift; sourceTree = "<group>"; };
		3857AF94251C2F2B004CC829 /* FeedCache.swift */ = {isa = PBXFileReference; lastKnownFileType = sourcecode.swift; path = FeedCache.swift; sourceTree = "<group>"; };
		3857AFA8251C4075004CC829 /* FeedImageDataCache.swift */ = {isa = PBXFileReference; lastKnownFileType = sourcecode.swift; path = FeedImageDataCache.swift; sourceTree = "<group>"; };
		385C63002558A2D5008C39BF /* LoadImageCommentsFromRemoteUseCaseTests.swift */ = {isa = PBXFileReference; lastKnownFileType = sourcecode.swift; path = LoadImageCommentsFromRemoteUseCaseTests.swift; sourceTree = "<group>"; };
		385C63072558A418008C39BF /* RemoteImageCommentsLoader.swift */ = {isa = PBXFileReference; lastKnownFileType = sourcecode.swift; path = RemoteImageCommentsLoader.swift; sourceTree = "<group>"; };
		385C63182558A51A008C39BF /* ImageCommentsMapper.swift */ = {isa = PBXFileReference; lastKnownFileType = sourcecode.swift; path = ImageCommentsMapper.swift; sourceTree = "<group>"; };
		385C63202558AABB008C39BF /* ImageComment.swift */ = {isa = PBXFileReference; lastKnownFileType = sourcecode.swift; path = ImageComment.swift; sourceTree = "<group>"; };
		386484EE24E59C6600B66E0E /* FeedStoreSpecs.swift */ = {isa = PBXFileReference; lastKnownFileType = sourcecode.swift; path = FeedStoreSpecs.swift; sourceTree = "<group>"; };
		386484F024E59D5E00B66E0E /* XCTestCase+FeedStoreSpecs.swift */ = {isa = PBXFileReference; lastKnownFileType = sourcecode.swift; path = "XCTestCase+FeedStoreSpecs.swift"; sourceTree = "<group>"; };
		386484F224E59F8000B66E0E /* FailableRetrieveFeedStoreSpecs.swift */ = {isa = PBXFileReference; lastKnownFileType = sourcecode.swift; path = FailableRetrieveFeedStoreSpecs.swift; sourceTree = "<group>"; };
		386484F424E59FA500B66E0E /* FailableInsertFeedStoreSpecs.swift */ = {isa = PBXFileReference; lastKnownFileType = sourcecode.swift; path = FailableInsertFeedStoreSpecs.swift; sourceTree = "<group>"; };
		386484F624E59FC200B66E0E /* FailableDeleteFeedStoreSpecs.swift */ = {isa = PBXFileReference; lastKnownFileType = sourcecode.swift; path = FailableDeleteFeedStoreSpecs.swift; sourceTree = "<group>"; };
		3868520C24E9AA9B00098EF6 /* CoreDataFeedStoreTests.swift */ = {isa = PBXFileReference; lastKnownFileType = sourcecode.swift; path = CoreDataFeedStoreTests.swift; sourceTree = "<group>"; };
		3868520E24E9B0FA00098EF6 /* CoreDataFeedStore.swift */ = {isa = PBXFileReference; lastKnownFileType = sourcecode.swift; path = CoreDataFeedStore.swift; sourceTree = "<group>"; };
		3868521124E9B4C000098EF6 /* FeedStore.xcdatamodel */ = {isa = PBXFileReference; lastKnownFileType = wrapper.xcdatamodel; path = FeedStore.xcdatamodel; sourceTree = "<group>"; };
		3868FB6224E9DE1B00DF19F6 /* CoreDataHelpers.swift */ = {isa = PBXFileReference; lastKnownFileType = sourcecode.swift; path = CoreDataHelpers.swift; sourceTree = "<group>"; };
		3868FB6524E9DE8400DF19F6 /* ManagedFeedImage.swift */ = {isa = PBXFileReference; lastKnownFileType = sourcecode.swift; path = ManagedFeedImage.swift; sourceTree = "<group>"; };
		3868FB6724E9DE8E00DF19F6 /* ManagedCache.swift */ = {isa = PBXFileReference; lastKnownFileType = sourcecode.swift; path = ManagedCache.swift; sourceTree = "<group>"; };
		3868FB6E24E9E1B000DF19F6 /* EssentialFeedCacheIntegrationTests.xctest */ = {isa = PBXFileReference; explicitFileType = wrapper.cfbundle; includeInIndex = 0; path = EssentialFeedCacheIntegrationTests.xctest; sourceTree = BUILT_PRODUCTS_DIR; };
		3868FB7024E9E1B000DF19F6 /* EssentialFeedCacheIntegrationTests.swift */ = {isa = PBXFileReference; lastKnownFileType = sourcecode.swift; path = EssentialFeedCacheIntegrationTests.swift; sourceTree = "<group>"; };
		3868FB7224E9E1B000DF19F6 /* Info.plist */ = {isa = PBXFileReference; lastKnownFileType = text.plist.xml; path = Info.plist; sourceTree = "<group>"; };
		386BBCB624D7331E0084F6AD /* HTTPClient.swift */ = {isa = PBXFileReference; lastKnownFileType = sourcecode.swift; path = HTTPClient.swift; sourceTree = "<group>"; };
		386BBCB824D733990084F6AD /* FeedItemsMapper.swift */ = {isa = PBXFileReference; lastKnownFileType = sourcecode.swift; path = FeedItemsMapper.swift; sourceTree = "<group>"; };
		387049F9250000540034168B /* Feed.storyboard */ = {isa = PBXFileReference; lastKnownFileType = file.storyboard; path = Feed.storyboard; sourceTree = "<group>"; };
		387049FB250000DD0034168B /* Feed.xcassets */ = {isa = PBXFileReference; lastKnownFileType = folder.assetcatalog; path = Feed.xcassets; sourceTree = "<group>"; };
		387049FD250011A20034168B /* UITableView+Dequeueing.swift */ = {isa = PBXFileReference; lastKnownFileType = sourcecode.swift; path = "UITableView+Dequeueing.swift"; sourceTree = "<group>"; };
		387049FF250012480034168B /* UIImageView+Animations.swift */ = {isa = PBXFileReference; lastKnownFileType = sourcecode.swift; path = "UIImageView+Animations.swift"; sourceTree = "<group>"; };
		38704A1625002BA70034168B /* FeedLocalizationTests.swift */ = {isa = PBXFileReference; lastKnownFileType = sourcecode.swift; path = FeedLocalizationTests.swift; sourceTree = "<group>"; };
		3878F43024F319A100CEEDDF /* FeedImageCell.swift */ = {isa = PBXFileReference; lastKnownFileType = sourcecode.swift; path = FeedImageCell.swift; sourceTree = "<group>"; };
		3878F43224F3369300CEEDDF /* UIView+Shimmering.swift */ = {isa = PBXFileReference; lastKnownFileType = sourcecode.swift; path = "UIView+Shimmering.swift"; sourceTree = "<group>"; };
		387B1F3424D221F900CDB3FB /* RemoteFeedLoader.swift */ = {isa = PBXFileReference; lastKnownFileType = sourcecode.swift; path = RemoteFeedLoader.swift; sourceTree = "<group>"; };
		3886153C24F446D60089CA87 /* FeedImageDataLoader.swift */ = {isa = PBXFileReference; lastKnownFileType = sourcecode.swift; path = FeedImageDataLoader.swift; sourceTree = "<group>"; };
		38892B9424F45A5800E3D651 /* FeedImageCellController.swift */ = {isa = PBXFileReference; lastKnownFileType = sourcecode.swift; path = FeedImageCellController.swift; sourceTree = "<group>"; };
		3891A8BB250E941400ABAEB2 /* HTTPClientSpy.swift */ = {isa = PBXFileReference; lastKnownFileType = sourcecode.swift; path = HTTPClientSpy.swift; sourceTree = "<group>"; };
		3891A8BD250E962C00ABAEB2 /* RemoteFeedImageDataLoader.swift */ = {isa = PBXFileReference; lastKnownFileType = sourcecode.swift; path = RemoteFeedImageDataLoader.swift; sourceTree = "<group>"; };
		3891A8C0250EA59800ABAEB2 /* HTTPURLResponse+StatusCode.swift */ = {isa = PBXFileReference; lastKnownFileType = sourcecode.swift; path = "HTTPURLResponse+StatusCode.swift"; sourceTree = "<group>"; };
		3891A8C2250EA66500ABAEB2 /* URLProtocolStub.swift */ = {isa = PBXFileReference; lastKnownFileType = sourcecode.swift; path = URLProtocolStub.swift; sourceTree = "<group>"; };
		3891A8C6250EB51400ABAEB2 /* LoadFeedImageDataFromCacheUseCaseTests.swift */ = {isa = PBXFileReference; lastKnownFileType = sourcecode.swift; path = LoadFeedImageDataFromCacheUseCaseTests.swift; sourceTree = "<group>"; };
		3891A8C8250ED32000ABAEB2 /* LocalFeedImageDataLoader.swift */ = {isa = PBXFileReference; lastKnownFileType = sourcecode.swift; path = LocalFeedImageDataLoader.swift; sourceTree = "<group>"; };
		3891A8CA250ED35B00ABAEB2 /* FeedImageDataStore.swift */ = {isa = PBXFileReference; lastKnownFileType = sourcecode.swift; path = FeedImageDataStore.swift; sourceTree = "<group>"; };
		389531E724E1D712007F0FF7 /* LoadFeedFromCacheUseCaseTests.swift */ = {isa = PBXFileReference; lastKnownFileType = sourcecode.swift; path = LoadFeedFromCacheUseCaseTests.swift; sourceTree = "<group>"; };
		389531EA24E1DAFC007F0FF7 /* FeedStoreSpy.swift */ = {isa = PBXFileReference; lastKnownFileType = sourcecode.swift; path = FeedStoreSpy.swift; sourceTree = "<group>"; };
		389531EC24E205CC007F0FF7 /* ValidateFeedCacheUseCaseTests.swift */ = {isa = PBXFileReference; lastKnownFileType = sourcecode.swift; path = ValidateFeedCacheUseCaseTests.swift; sourceTree = "<group>"; };
		389531EE24E20D86007F0FF7 /* FeedCacheTestsHelpers.swift */ = {isa = PBXFileReference; lastKnownFileType = sourcecode.swift; path = FeedCacheTestsHelpers.swift; sourceTree = "<group>"; };
		389531F024E20F14007F0FF7 /* SharedTestsHelpers.swift */ = {isa = PBXFileReference; lastKnownFileType = sourcecode.swift; path = SharedTestsHelpers.swift; sourceTree = "<group>"; };
		389EA856250AAD2C0031DC29 /* ErrorView.swift */ = {isa = PBXFileReference; lastKnownFileType = sourcecode.swift; path = ErrorView.swift; sourceTree = "<group>"; };
		389EA85B250AB2BE0031DC29 /* UIRefreshControl+Helpers.swift */ = {isa = PBXFileReference; lastKnownFileType = sourcecode.swift; path = "UIRefreshControl+Helpers.swift"; sourceTree = "<group>"; };
		389EA85E250ABA5F0031DC29 /* FeedPresenterTests.swift */ = {isa = PBXFileReference; lastKnownFileType = sourcecode.swift; path = FeedPresenterTests.swift; sourceTree = "<group>"; };
		389EA863250AC56D0031DC29 /* en */ = {isa = PBXFileReference; lastKnownFileType = text.plist.strings; name = en; path = en.lproj/Feed.strings; sourceTree = "<group>"; };
		389EA865250AC5720031DC29 /* el */ = {isa = PBXFileReference; lastKnownFileType = text.plist.strings; name = el; path = el.lproj/Feed.strings; sourceTree = "<group>"; };
		389EA866250AC5730031DC29 /* pt-BR */ = {isa = PBXFileReference; lastKnownFileType = text.plist.strings; name = "pt-BR"; path = "pt-BR.lproj/Feed.strings"; sourceTree = "<group>"; };
		389EA868250AC7080031DC29 /* FeedPresenter.swift */ = {isa = PBXFileReference; lastKnownFileType = sourcecode.swift; path = FeedPresenter.swift; sourceTree = "<group>"; };
		389EA86B250AC8640031DC29 /* FeedLoadingViewModel.swift */ = {isa = PBXFileReference; lastKnownFileType = sourcecode.swift; path = FeedLoadingViewModel.swift; sourceTree = "<group>"; };
		389EA86D250AC8A20031DC29 /* FeedErrorViewModel.swift */ = {isa = PBXFileReference; lastKnownFileType = sourcecode.swift; path = FeedErrorViewModel.swift; sourceTree = "<group>"; };
		389EA86F250ACA760031DC29 /* FeedViewModel.swift */ = {isa = PBXFileReference; lastKnownFileType = sourcecode.swift; path = FeedViewModel.swift; sourceTree = "<group>"; };
		389EA872250ACFF40031DC29 /* FeedImagePresenterTests.swift */ = {isa = PBXFileReference; lastKnownFileType = sourcecode.swift; path = FeedImagePresenterTests.swift; sourceTree = "<group>"; };
		389EA874250ADA920031DC29 /* FeedImagePresenter.swift */ = {isa = PBXFileReference; lastKnownFileType = sourcecode.swift; path = FeedImagePresenter.swift; sourceTree = "<group>"; };
		389EA876250ADAFA0031DC29 /* FeedImageViewModel.swift */ = {isa = PBXFileReference; lastKnownFileType = sourcecode.swift; path = FeedImageViewModel.swift; sourceTree = "<group>"; };
		38A3028E24E0BAF50073C043 /* LocalFeedLoader.swift */ = {isa = PBXFileReference; lastKnownFileType = sourcecode.swift; path = LocalFeedLoader.swift; sourceTree = "<group>"; };
		38A3029024E0BB0A0073C043 /* FeedStore.swift */ = {isa = PBXFileReference; lastKnownFileType = sourcecode.swift; path = FeedStore.swift; sourceTree = "<group>"; };
		38A3029224E0C7A80073C043 /* RemoteFeedItem.swift */ = {isa = PBXFileReference; lastKnownFileType = sourcecode.swift; path = RemoteFeedItem.swift; sourceTree = "<group>"; };
		38A3029424E0C7EB0073C043 /* LocalFeedImage.swift */ = {isa = PBXFileReference; lastKnownFileType = sourcecode.swift; path = LocalFeedImage.swift; sourceTree = "<group>"; };
		38A9192425102792009D77A0 /* CoreDataFeedImageDataStoreTests.swift */ = {isa = PBXFileReference; lastKnownFileType = sourcecode.swift; path = CoreDataFeedImageDataStoreTests.swift; sourceTree = "<group>"; };
		38A9192B25102DEE009D77A0 /* FeedStore2.xcdatamodel */ = {isa = PBXFileReference; lastKnownFileType = wrapper.xcdatamodel; path = FeedStore2.xcdatamodel; sourceTree = "<group>"; };
		38A9192C25102E9E009D77A0 /* CoreDataFeedStore+FeedImageDataLoader.swift */ = {isa = PBXFileReference; lastKnownFileType = sourcecode.swift; path = "CoreDataFeedStore+FeedImageDataLoader.swift"; sourceTree = "<group>"; };
		38A9192E251033A1009D77A0 /* CoreDataFeedStore+FeedStore.swift */ = {isa = PBXFileReference; lastKnownFileType = sourcecode.swift; path = "CoreDataFeedStore+FeedStore.swift"; sourceTree = "<group>"; };
		38AF875B24D76931005D3834 /* URLSessionHTTPClientTests.swift */ = {isa = PBXFileReference; lastKnownFileType = sourcecode.swift; path = URLSessionHTTPClientTests.swift; sourceTree = "<group>"; };
		38AF875E24D79882005D3834 /* XCTestCase+MemoryLeaksTracking.swift */ = {isa = PBXFileReference; lastKnownFileType = sourcecode.swift; path = "XCTestCase+MemoryLeaksTracking.swift"; sourceTree = "<group>"; };
		38AF876024D7B617005D3834 /* URLSessionHTTPClient.swift */ = {isa = PBXFileReference; lastKnownFileType = sourcecode.swift; path = URLSessionHTTPClient.swift; sourceTree = "<group>"; };
		38AF876624D7BC13005D3834 /* EssentialFeedAPIEndToEndTests.xctest */ = {isa = PBXFileReference; explicitFileType = wrapper.cfbundle; includeInIndex = 0; path = EssentialFeedAPIEndToEndTests.xctest; sourceTree = BUILT_PRODUCTS_DIR; };
		38AF876824D7BC13005D3834 /* EssentialFeedAPIEndToEndTests.swift */ = {isa = PBXFileReference; lastKnownFileType = sourcecode.swift; path = EssentialFeedAPIEndToEndTests.swift; sourceTree = "<group>"; };
		38AF876A24D7BC13005D3834 /* Info.plist */ = {isa = PBXFileReference; lastKnownFileType = text.plist.xml; path = Info.plist; sourceTree = "<group>"; };
		38C26D0624DB9ADE00389E35 /* CacheFeedUseCase.swift */ = {isa = PBXFileReference; lastKnownFileType = sourcecode.swift; path = CacheFeedUseCase.swift; sourceTree = "<group>"; };
		38D5DA23250AE6E700FD5D19 /* LoadFeedImageDataFromRemoteUseCaseTests.swift */ = {isa = PBXFileReference; lastKnownFileType = sourcecode.swift; path = LoadFeedImageDataFromRemoteUseCaseTests.swift; sourceTree = "<group>"; };
		38E1483624EF3A9A00CC2805 /* EssentialFeediOS.framework */ = {isa = PBXFileReference; explicitFileType = wrapper.framework; includeInIndex = 0; path = EssentialFeediOS.framework; sourceTree = BUILT_PRODUCTS_DIR; };
		38E1483924EF3A9A00CC2805 /* Info.plist */ = {isa = PBXFileReference; lastKnownFileType = text.plist.xml; path = Info.plist; sourceTree = "<group>"; };
		38E1483E24EF3A9A00CC2805 /* EssentialFeediOSTests.xctest */ = {isa = PBXFileReference; explicitFileType = wrapper.cfbundle; includeInIndex = 0; path = EssentialFeediOSTests.xctest; sourceTree = BUILT_PRODUCTS_DIR; };
		38E1484524EF3A9A00CC2805 /* Info.plist */ = {isa = PBXFileReference; lastKnownFileType = text.plist.xml; path = Info.plist; sourceTree = "<group>"; };
		38EB42DC252A5F92000C5E3E /* FeedSnapshotTests.swift */ = {isa = PBXFileReference; lastKnownFileType = sourcecode.swift; path = FeedSnapshotTests.swift; sourceTree = "<group>"; };
		38EB42E3252A651C000C5E3E /* snapshots */ = {isa = PBXFileReference; lastKnownFileType = folder; path = snapshots; sourceTree = "<group>"; };
		38EB42FD252A6862000C5E3E /* UIImage+TestHelpers.swift */ = {isa = PBXFileReference; fileEncoding = 4; lastKnownFileType = sourcecode.swift; path = "UIImage+TestHelpers.swift"; sourceTree = "<group>"; };
		38EB4304252A6ADC000C5E3E /* UITableView+HeaderSizing.swift */ = {isa = PBXFileReference; lastKnownFileType = sourcecode.swift; path = "UITableView+HeaderSizing.swift"; sourceTree = "<group>"; };
		38EB4315252A79BA000C5E3E /* UIViewController+Snapshot.swift */ = {isa = PBXFileReference; lastKnownFileType = sourcecode.swift; path = "UIViewController+Snapshot.swift"; sourceTree = "<group>"; };
		38EB431C252A7A29000C5E3E /* XCTestCase+Snapshot.swift */ = {isa = PBXFileReference; lastKnownFileType = sourcecode.swift; path = "XCTestCase+Snapshot.swift"; sourceTree = "<group>"; };
		38FE5C6724D746A800CB5085 /* README.md */ = {isa = PBXFileReference; lastKnownFileType = net.daringfireball.markdown; path = README.md; sourceTree = "<group>"; };
/* End PBXFileReference section */

/* Begin PBXFrameworksBuildPhase section */
		383CCEFA24D0CFE400D89226 /* Frameworks */ = {
			isa = PBXFrameworksBuildPhase;
			buildActionMask = 2147483647;
			files = (
			);
			runOnlyForDeploymentPostprocessing = 0;
		};
		383CCF0324D0CFE400D89226 /* Frameworks */ = {
			isa = PBXFrameworksBuildPhase;
			buildActionMask = 2147483647;
			files = (
				383CCF0724D0CFE400D89226 /* EssentialFeed.framework in Frameworks */,
			);
			runOnlyForDeploymentPostprocessing = 0;
		};
		3868FB6B24E9E1B000DF19F6 /* Frameworks */ = {
			isa = PBXFrameworksBuildPhase;
			buildActionMask = 2147483647;
			files = (
				3868FB7324E9E1B000DF19F6 /* EssentialFeed.framework in Frameworks */,
			);
			runOnlyForDeploymentPostprocessing = 0;
		};
		38AF876324D7BC13005D3834 /* Frameworks */ = {
			isa = PBXFrameworksBuildPhase;
			buildActionMask = 2147483647;
			files = (
				38AF876B24D7BC13005D3834 /* EssentialFeed.framework in Frameworks */,
			);
			runOnlyForDeploymentPostprocessing = 0;
		};
		38E1483324EF3A9A00CC2805 /* Frameworks */ = {
			isa = PBXFrameworksBuildPhase;
			buildActionMask = 2147483647;
			files = (
				3828749B24F3023B008447C2 /* EssentialFeed.framework in Frameworks */,
			);
			runOnlyForDeploymentPostprocessing = 0;
		};
		38E1483B24EF3A9A00CC2805 /* Frameworks */ = {
			isa = PBXFrameworksBuildPhase;
			buildActionMask = 2147483647;
			files = (
				38E1483F24EF3A9A00CC2805 /* EssentialFeediOS.framework in Frameworks */,
			);
			runOnlyForDeploymentPostprocessing = 0;
		};
/* End PBXFrameworksBuildPhase section */

/* Begin PBXGroup section */
		3828749A24F3023B008447C2 /* Frameworks */ = {
			isa = PBXGroup;
			children = (
			);
			name = Frameworks;
			sourceTree = "<group>";
		};
		383CCEF324D0CFE400D89226 = {
			isa = PBXGroup;
			children = (
				38FE5C6724D746A800CB5085 /* README.md */,
				385C63272558B14C008C39BF /* Shared API */,
				385C63282558B16A008C39BF /* Shared API Infra */,
				383CCEFF24D0CFE400D89226 /* EssentialFeed */,
				383CCF0A24D0CFE400D89226 /* EssentialFeedTests */,
				38AF876724D7BC13005D3834 /* EssentialFeedAPIEndToEndTests */,
				3868FB6F24E9E1B000DF19F6 /* EssentialFeedCacheIntegrationTests */,
				38E1483724EF3A9A00CC2805 /* EssentialFeediOS */,
				38E1484224EF3A9A00CC2805 /* EssentialFeediOSTests */,
				3828749A24F3023B008447C2 /* Frameworks */,
				383CCEFE24D0CFE400D89226 /* Products */,
			);
			sourceTree = "<group>";
		};
		383CCEFE24D0CFE400D89226 /* Products */ = {
			isa = PBXGroup;
			children = (
				383CCEFD24D0CFE400D89226 /* EssentialFeed.framework */,
				383CCF0624D0CFE400D89226 /* EssentialFeedTests.xctest */,
				38AF876624D7BC13005D3834 /* EssentialFeedAPIEndToEndTests.xctest */,
				3868FB6E24E9E1B000DF19F6 /* EssentialFeedCacheIntegrationTests.xctest */,
				38E1483624EF3A9A00CC2805 /* EssentialFeediOS.framework */,
				38E1483E24EF3A9A00CC2805 /* EssentialFeediOSTests.xctest */,
			);
			name = Products;
			sourceTree = "<group>";
		};
		383CCEFF24D0CFE400D89226 /* EssentialFeed */ = {
			isa = PBXGroup;
			children = (
				383CCF0124D0CFE400D89226 /* Info.plist */,
				387B1F3324D221D800CDB3FB /* Feed API */,
				38A3028D24E0BAE90073C043 /* Feed Cache */,
				383CCF1B24D0D37100D89226 /* Feed Feature */,
				389EA867250AC6DD0031DC29 /* Feed Presentation */,
				385C63362558B2AF008C39BF /* Image Comments API */,
				385C631F2558AAAC008C39BF /* Image Comments Feature */,
			);
			path = EssentialFeed;
			sourceTree = "<group>";
		};
		383CCF0A24D0CFE400D89226 /* EssentialFeedTests */ = {
			isa = PBXGroup;
			children = (
				383CCF0D24D0CFE400D89226 /* Info.plist */,
				385C632E2558B1A2008C39BF /* Shared API */,
				385C63302558B1DC008C39BF /* Shared API Infra */,
				38FE5C6624D744D200CB5085 /* Feed API */,
				38C26D0524DB9A9C00389E35 /* Feed Cache */,
				389EA85D250ABA3C0031DC29 /* Feed Presentation */,
				385C63372558B300008C39BF /* Image Comments API */,
				38AF875D24D79867005D3834 /* Helpers */,
			);
			path = EssentialFeedTests;
			sourceTree = "<group>";
		};
		383CCF1B24D0D37100D89226 /* Feed Feature */ = {
			isa = PBXGroup;
			children = (
				3857AF94251C2F2B004CC829 /* FeedCache.swift */,
				383CCF1724D0D02000D89226 /* FeedImage.swift */,
				3857AFA8251C4075004CC829 /* FeedImageDataCache.swift */,
				3886153C24F446D60089CA87 /* FeedImageDataLoader.swift */,
				383CCF1924D0D2E700D89226 /* FeedLoader.swift */,
			);
			path = "Feed Feature";
			sourceTree = "<group>";
		};
		385C631F2558AAAC008C39BF /* Image Comments Feature */ = {
			isa = PBXGroup;
			children = (
				385C63202558AABB008C39BF /* ImageComment.swift */,
			);
			path = "Image Comments Feature";
			sourceTree = "<group>";
		};
		385C63272558B14C008C39BF /* Shared API */ = {
			isa = PBXGroup;
			children = (
				386BBCB624D7331E0084F6AD /* HTTPClient.swift */,
			);
			path = "Shared API";
			sourceTree = "<group>";
		};
		385C63282558B16A008C39BF /* Shared API Infra */ = {
			isa = PBXGroup;
			children = (
				38AF876024D7B617005D3834 /* URLSessionHTTPClient.swift */,
			);
			path = "Shared API Infra";
			sourceTree = "<group>";
		};
		385C632E2558B1A2008C39BF /* Shared API */ = {
			isa = PBXGroup;
			children = (
				385C632F2558B1C2008C39BF /* Helpers */,
			);
			path = "Shared API";
			sourceTree = "<group>";
		};
		385C632F2558B1C2008C39BF /* Helpers */ = {
			isa = PBXGroup;
			children = (
				3891A8BB250E941400ABAEB2 /* HTTPClientSpy.swift */,
			);
			path = Helpers;
			sourceTree = "<group>";
		};
		385C63302558B1DC008C39BF /* Shared API Infra */ = {
			isa = PBXGroup;
			children = (
				38AF875B24D76931005D3834 /* URLSessionHTTPClientTests.swift */,
			);
			path = "Shared API Infra";
			sourceTree = "<group>";
		};
		385C63362558B2AF008C39BF /* Image Comments API */ = {
			isa = PBXGroup;
			children = (
				385C63072558A418008C39BF /* RemoteImageCommentsLoader.swift */,
				385C63182558A51A008C39BF /* ImageCommentsMapper.swift */,
			);
			path = "Image Comments API";
			sourceTree = "<group>";
		};
		385C63372558B300008C39BF /* Image Comments API */ = {
			isa = PBXGroup;
			children = (
				38D5DA23250AE6E700FD5D19 /* LoadFeedImageDataFromRemoteUseCaseTests.swift */,
			);
			path = "Image Comments API";
			sourceTree = "<group>";
		};
		3868FB6124E9DD8200DF19F6 /* Infrastructure */ = {
			isa = PBXGroup;
			children = (
				3868FB6924E9DF4600DF19F6 /* Codable */,
				3868FB6424E9DE7500DF19F6 /* Core Data */,
			);
			path = Infrastructure;
			sourceTree = "<group>";
		};
		3868FB6424E9DE7500DF19F6 /* Core Data */ = {
			isa = PBXGroup;
			children = (
				3868520E24E9B0FA00098EF6 /* CoreDataFeedStore.swift */,
				38A9192E251033A1009D77A0 /* CoreDataFeedStore+FeedStore.swift */,
				38A9192C25102E9E009D77A0 /* CoreDataFeedStore+FeedImageDataLoader.swift */,
				3868FB6224E9DE1B00DF19F6 /* CoreDataHelpers.swift */,
				3868FB6724E9DE8E00DF19F6 /* ManagedCache.swift */,
				3868FB6524E9DE8400DF19F6 /* ManagedFeedImage.swift */,
				3868521024E9B4C000098EF6 /* FeedStore.xcdatamodeld */,
			);
			path = "Core Data";
			sourceTree = "<group>";
		};
		3868FB6924E9DF4600DF19F6 /* Codable */ = {
			isa = PBXGroup;
			children = (
				3822796224E367E000FAC5A3 /* CodableFeedStore.swift */,
			);
			path = Codable;
			sourceTree = "<group>";
		};
		3868FB6F24E9E1B000DF19F6 /* EssentialFeedCacheIntegrationTests */ = {
			isa = PBXGroup;
			children = (
				3868FB7024E9E1B000DF19F6 /* EssentialFeedCacheIntegrationTests.swift */,
				3868FB7224E9E1B000DF19F6 /* Info.plist */,
			);
			path = EssentialFeedCacheIntegrationTests;
			sourceTree = "<group>";
		};
		387B1F3324D221D800CDB3FB /* Feed API */ = {
			isa = PBXGroup;
			children = (
				386BBCB824D733990084F6AD /* FeedItemsMapper.swift */,
				3891A8BD250E962C00ABAEB2 /* RemoteFeedImageDataLoader.swift */,
				38A3029224E0C7A80073C043 /* RemoteFeedItem.swift */,
				387B1F3424D221F900CDB3FB /* RemoteFeedLoader.swift */,
				3891A8BF250EA58C00ABAEB2 /* Helpers */,
			);
			path = "Feed API";
			sourceTree = "<group>";
		};
		3886153E24F4478D0089CA87 /* Feed UI */ = {
			isa = PBXGroup;
			children = (
				3886153F24F447B30089CA87 /* Controllers */,
				3886154024F447BC0089CA87 /* Views */,
			);
			path = "Feed UI";
			sourceTree = "<group>";
		};
		3886153F24F447B30089CA87 /* Controllers */ = {
			isa = PBXGroup;
			children = (
				38892B9424F45A5800E3D651 /* FeedImageCellController.swift */,
				382874A124F30D25008447C2 /* FeedViewController.swift */,
			);
			path = Controllers;
			sourceTree = "<group>";
		};
		3886154024F447BC0089CA87 /* Views */ = {
			isa = PBXGroup;
			children = (
				387049F9250000540034168B /* Feed.storyboard */,
				389EA856250AAD2C0031DC29 /* ErrorView.swift */,
				3878F43024F319A100CEEDDF /* FeedImageCell.swift */,
				387049FB250000DD0034168B /* Feed.xcassets */,
				389EA858250AB2440031DC29 /* Helpers */,
			);
			path = Views;
			sourceTree = "<group>";
		};
		3891A8BA250E93F700ABAEB2 /* Helpers */ = {
			isa = PBXGroup;
			children = (
				3891A8C2250EA66500ABAEB2 /* URLProtocolStub.swift */,
			);
			path = Helpers;
			sourceTree = "<group>";
		};
		3891A8BF250EA58C00ABAEB2 /* Helpers */ = {
			isa = PBXGroup;
			children = (
				3891A8C0250EA59800ABAEB2 /* HTTPURLResponse+StatusCode.swift */,
			);
			path = Helpers;
			sourceTree = "<group>";
		};
		389531E924E1DADD007F0FF7 /* Helpers */ = {
			isa = PBXGroup;
			children = (
				389531EA24E1DAFC007F0FF7 /* FeedStoreSpy.swift */,
				389531EE24E20D86007F0FF7 /* FeedCacheTestsHelpers.swift */,
				386484F024E59D5E00B66E0E /* XCTestCase+FeedStoreSpecs.swift */,
				386484F224E59F8000B66E0E /* FailableRetrieveFeedStoreSpecs.swift */,
				386484F424E59FA500B66E0E /* FailableInsertFeedStoreSpecs.swift */,
				386484F624E59FC200B66E0E /* FailableDeleteFeedStoreSpecs.swift */,
				380EA70125101CD500B03D5B /* FeedImageDataStoreSpy.swift */,
			);
			path = Helpers;
			sourceTree = "<group>";
		};
		389EA858250AB2440031DC29 /* Helpers */ = {
			isa = PBXGroup;
			children = (
				387049FF250012480034168B /* UIImageView+Animations.swift */,
				387049FD250011A20034168B /* UITableView+Dequeueing.swift */,
				3878F43224F3369300CEEDDF /* UIView+Shimmering.swift */,
				389EA85B250AB2BE0031DC29 /* UIRefreshControl+Helpers.swift */,
				38EB4304252A6ADC000C5E3E /* UITableView+HeaderSizing.swift */,
			);
			path = Helpers;
			sourceTree = "<group>";
		};
		389EA85D250ABA3C0031DC29 /* Feed Presentation */ = {
			isa = PBXGroup;
			children = (
				389EA872250ACFF40031DC29 /* FeedImagePresenterTests.swift */,
				38704A1625002BA70034168B /* FeedLocalizationTests.swift */,
				389EA85E250ABA5F0031DC29 /* FeedPresenterTests.swift */,
			);
			path = "Feed Presentation";
			sourceTree = "<group>";
		};
		389EA867250AC6DD0031DC29 /* Feed Presentation */ = {
			isa = PBXGroup;
			children = (
				389EA86D250AC8A20031DC29 /* FeedErrorViewModel.swift */,
				389EA874250ADA920031DC29 /* FeedImagePresenter.swift */,
				389EA876250ADAFA0031DC29 /* FeedImageViewModel.swift */,
				389EA86B250AC8640031DC29 /* FeedLoadingViewModel.swift */,
				389EA868250AC7080031DC29 /* FeedPresenter.swift */,
				389EA86F250ACA760031DC29 /* FeedViewModel.swift */,
				389EA864250AC56D0031DC29 /* Feed.strings */,
			);
			path = "Feed Presentation";
			sourceTree = "<group>";
		};
		38A3028D24E0BAE90073C043 /* Feed Cache */ = {
			isa = PBXGroup;
			children = (
				3822795E24E30BCD00FAC5A3 /* FeedCachePolicy.swift */,
				3891A8CA250ED35B00ABAEB2 /* FeedImageDataStore.swift */,
				38A3029024E0BB0A0073C043 /* FeedStore.swift */,
				38A3029424E0C7EB0073C043 /* LocalFeedImage.swift */,
				3891A8C8250ED32000ABAEB2 /* LocalFeedImageDataLoader.swift */,
				38A3028E24E0BAF50073C043 /* LocalFeedLoader.swift */,
				3868FB6124E9DD8200DF19F6 /* Infrastructure */,
			);
			path = "Feed Cache";
			sourceTree = "<group>";
		};
		38AF875D24D79867005D3834 /* Helpers */ = {
			isa = PBXGroup;
			children = (
				389531F024E20F14007F0FF7 /* SharedTestsHelpers.swift */,
				38AF875E24D79882005D3834 /* XCTestCase+MemoryLeaksTracking.swift */,
			);
			path = Helpers;
			sourceTree = "<group>";
		};
		38AF876724D7BC13005D3834 /* EssentialFeedAPIEndToEndTests */ = {
			isa = PBXGroup;
			children = (
				38AF876A24D7BC13005D3834 /* Info.plist */,
				38AF876824D7BC13005D3834 /* EssentialFeedAPIEndToEndTests.swift */,
			);
			path = EssentialFeedAPIEndToEndTests;
			sourceTree = "<group>";
		};
		38C26D0524DB9A9C00389E35 /* Feed Cache */ = {
			isa = PBXGroup;
			children = (
				38C26D0624DB9ADE00389E35 /* CacheFeedUseCase.swift */,
				3822796024E3208A00FAC5A3 /* CodableFeedStoreTests.swift */,
				3868520C24E9AA9B00098EF6 /* CoreDataFeedStoreTests.swift */,
				386484EE24E59C6600B66E0E /* FeedStoreSpecs.swift */,
				389531E724E1D712007F0FF7 /* LoadFeedFromCacheUseCaseTests.swift */,
				3891A8C6250EB51400ABAEB2 /* LoadFeedImageDataFromCacheUseCaseTests.swift */,
				380EA70325101E8F00B03D5B /* CacheFeedImageDataUseCaseTests.swift */,
				389531EC24E205CC007F0FF7 /* ValidateFeedCacheUseCaseTests.swift */,
				38A9192425102792009D77A0 /* CoreDataFeedImageDataStoreTests.swift */,
				389531E924E1DADD007F0FF7 /* Helpers */,
			);
			path = "Feed Cache";
			sourceTree = "<group>";
		};
		38E1483724EF3A9A00CC2805 /* EssentialFeediOS */ = {
			isa = PBXGroup;
			children = (
				38E1483924EF3A9A00CC2805 /* Info.plist */,
				3886153E24F4478D0089CA87 /* Feed UI */,
			);
			path = EssentialFeediOS;
			sourceTree = "<group>";
		};
		38E1484224EF3A9A00CC2805 /* EssentialFeediOSTests */ = {
			isa = PBXGroup;
			children = (
				38EB42E3252A651C000C5E3E /* snapshots */,
				38EB42FC252A683B000C5E3E /* Helpers */,
				38E1484524EF3A9A00CC2805 /* Info.plist */,
				38EB42DC252A5F92000C5E3E /* FeedSnapshotTests.swift */,
			);
			path = EssentialFeediOSTests;
			sourceTree = "<group>";
		};
		38EB42FC252A683B000C5E3E /* Helpers */ = {
			isa = PBXGroup;
			children = (
				38EB42FD252A6862000C5E3E /* UIImage+TestHelpers.swift */,
				38EB4315252A79BA000C5E3E /* UIViewController+Snapshot.swift */,
				38EB431C252A7A29000C5E3E /* XCTestCase+Snapshot.swift */,
			);
			path = Helpers;
			sourceTree = "<group>";
		};
		38FE5C6624D744D200CB5085 /* Feed API */ = {
			isa = PBXGroup;
			children = (
				383CCF1C24D0D8D500D89226 /* LoadFeedFromRemoteUseCaseTests.swift */,
				385C63002558A2D5008C39BF /* LoadImageCommentsFromRemoteUseCaseTests.swift */,
				3891A8BA250E93F700ABAEB2 /* Helpers */,
			);
			path = "Feed API";
			sourceTree = "<group>";
		};
/* End PBXGroup section */

/* Begin PBXHeadersBuildPhase section */
		383CCEF824D0CFE400D89226 /* Headers */ = {
			isa = PBXHeadersBuildPhase;
			buildActionMask = 2147483647;
			files = (
			);
			runOnlyForDeploymentPostprocessing = 0;
		};
		38E1483124EF3A9A00CC2805 /* Headers */ = {
			isa = PBXHeadersBuildPhase;
			buildActionMask = 2147483647;
			files = (
			);
			runOnlyForDeploymentPostprocessing = 0;
		};
/* End PBXHeadersBuildPhase section */

/* Begin PBXNativeTarget section */
		383CCEFC24D0CFE400D89226 /* EssentialFeed */ = {
			isa = PBXNativeTarget;
			buildConfigurationList = 383CCF1124D0CFE400D89226 /* Build configuration list for PBXNativeTarget "EssentialFeed" */;
			buildPhases = (
				383CCEF824D0CFE400D89226 /* Headers */,
				383CCEF924D0CFE400D89226 /* Sources */,
				383CCEFA24D0CFE400D89226 /* Frameworks */,
				383CCEFB24D0CFE400D89226 /* Resources */,
			);
			buildRules = (
			);
			dependencies = (
			);
			name = EssentialFeed;
			productName = EssentialFeed;
			productReference = 383CCEFD24D0CFE400D89226 /* EssentialFeed.framework */;
			productType = "com.apple.product-type.framework";
		};
		383CCF0524D0CFE400D89226 /* EssentialFeedTests */ = {
			isa = PBXNativeTarget;
			buildConfigurationList = 383CCF1424D0CFE400D89226 /* Build configuration list for PBXNativeTarget "EssentialFeedTests" */;
			buildPhases = (
				383CCF0224D0CFE400D89226 /* Sources */,
				383CCF0324D0CFE400D89226 /* Frameworks */,
				383CCF0424D0CFE400D89226 /* Resources */,
			);
			buildRules = (
			);
			dependencies = (
				383CCF0924D0CFE400D89226 /* PBXTargetDependency */,
			);
			name = EssentialFeedTests;
			productName = EssentialFeedTests;
			productReference = 383CCF0624D0CFE400D89226 /* EssentialFeedTests.xctest */;
			productType = "com.apple.product-type.bundle.unit-test";
		};
		3868FB6D24E9E1B000DF19F6 /* EssentialFeedCacheIntegrationTests */ = {
			isa = PBXNativeTarget;
			buildConfigurationList = 3868FB7824E9E1B000DF19F6 /* Build configuration list for PBXNativeTarget "EssentialFeedCacheIntegrationTests" */;
			buildPhases = (
				3868FB6A24E9E1B000DF19F6 /* Sources */,
				3868FB6B24E9E1B000DF19F6 /* Frameworks */,
				3868FB6C24E9E1B000DF19F6 /* Resources */,
			);
			buildRules = (
			);
			dependencies = (
				3868FB7524E9E1B000DF19F6 /* PBXTargetDependency */,
			);
			name = EssentialFeedCacheIntegrationTests;
			productName = EssentialFeedCacheIntegrationTests;
			productReference = 3868FB6E24E9E1B000DF19F6 /* EssentialFeedCacheIntegrationTests.xctest */;
			productType = "com.apple.product-type.bundle.unit-test";
		};
		38AF876524D7BC13005D3834 /* EssentialFeedAPIEndToEndTests */ = {
			isa = PBXNativeTarget;
			buildConfigurationList = 38AF877024D7BC13005D3834 /* Build configuration list for PBXNativeTarget "EssentialFeedAPIEndToEndTests" */;
			buildPhases = (
				38AF876224D7BC13005D3834 /* Sources */,
				38AF876324D7BC13005D3834 /* Frameworks */,
				38AF876424D7BC13005D3834 /* Resources */,
			);
			buildRules = (
			);
			dependencies = (
				38AF876D24D7BC13005D3834 /* PBXTargetDependency */,
			);
			name = EssentialFeedAPIEndToEndTests;
			productName = EssentialFeedAPIEndToEndTests;
			productReference = 38AF876624D7BC13005D3834 /* EssentialFeedAPIEndToEndTests.xctest */;
			productType = "com.apple.product-type.bundle.unit-test";
		};
		38E1483524EF3A9A00CC2805 /* EssentialFeediOS */ = {
			isa = PBXNativeTarget;
			buildConfigurationList = 38E1484724EF3A9A00CC2805 /* Build configuration list for PBXNativeTarget "EssentialFeediOS" */;
			buildPhases = (
				38E1483124EF3A9A00CC2805 /* Headers */,
				38E1483224EF3A9A00CC2805 /* Sources */,
				38E1483324EF3A9A00CC2805 /* Frameworks */,
				38E1483424EF3A9A00CC2805 /* Resources */,
				3828749F24F3023B008447C2 /* Embed Frameworks */,
			);
			buildRules = (
			);
			dependencies = (
				3828749E24F3023B008447C2 /* PBXTargetDependency */,
			);
			name = EssentialFeediOS;
			productName = EssentialFeediOS;
			productReference = 38E1483624EF3A9A00CC2805 /* EssentialFeediOS.framework */;
			productType = "com.apple.product-type.framework";
		};
		38E1483D24EF3A9A00CC2805 /* EssentialFeediOSTests */ = {
			isa = PBXNativeTarget;
			buildConfigurationList = 38E1484A24EF3A9A00CC2805 /* Build configuration list for PBXNativeTarget "EssentialFeediOSTests" */;
			buildPhases = (
				38E1483A24EF3A9A00CC2805 /* Sources */,
				38E1483B24EF3A9A00CC2805 /* Frameworks */,
				38E1483C24EF3A9A00CC2805 /* Resources */,
			);
			buildRules = (
			);
			dependencies = (
				38E1484124EF3A9A00CC2805 /* PBXTargetDependency */,
			);
			name = EssentialFeediOSTests;
			productName = EssentialFeediOSTests;
			productReference = 38E1483E24EF3A9A00CC2805 /* EssentialFeediOSTests.xctest */;
			productType = "com.apple.product-type.bundle.unit-test";
		};
/* End PBXNativeTarget section */

/* Begin PBXProject section */
		383CCEF424D0CFE400D89226 /* Project object */ = {
			isa = PBXProject;
			attributes = {
				LastSwiftUpdateCheck = 1150;
				LastUpgradeCheck = 1200;
				ORGANIZATIONNAME = "Jesús Alfredo Hernández Alarcón";
				TargetAttributes = {
					383CCEFC24D0CFE400D89226 = {
						CreatedOnToolsVersion = 12.0;
						LastSwiftMigration = 1200;
					};
					383CCF0524D0CFE400D89226 = {
						CreatedOnToolsVersion = 12.0;
						LastSwiftMigration = 1200;
					};
					3868FB6D24E9E1B000DF19F6 = {
						CreatedOnToolsVersion = 11.5;
					};
					38AF876524D7BC13005D3834 = {
						CreatedOnToolsVersion = 12.0;
					};
					38E1483524EF3A9A00CC2805 = {
						CreatedOnToolsVersion = 11.5;
						LastSwiftMigration = 1150;
					};
					38E1483D24EF3A9A00CC2805 = {
						CreatedOnToolsVersion = 11.5;
						LastSwiftMigration = 1150;
					};
				};
			};
			buildConfigurationList = 383CCEF724D0CFE400D89226 /* Build configuration list for PBXProject "EssentialFeed" */;
			compatibilityVersion = "Xcode 9.3";
			developmentRegion = en;
			hasScannedForEncodings = 0;
			knownRegions = (
				en,
				Base,
				"pt-BR",
				el,
			);
			mainGroup = 383CCEF324D0CFE400D89226;
			productRefGroup = 383CCEFE24D0CFE400D89226 /* Products */;
			projectDirPath = "";
			projectRoot = "";
			targets = (
				383CCEFC24D0CFE400D89226 /* EssentialFeed */,
				383CCF0524D0CFE400D89226 /* EssentialFeedTests */,
				38AF876524D7BC13005D3834 /* EssentialFeedAPIEndToEndTests */,
				3868FB6D24E9E1B000DF19F6 /* EssentialFeedCacheIntegrationTests */,
				38E1483524EF3A9A00CC2805 /* EssentialFeediOS */,
				38E1483D24EF3A9A00CC2805 /* EssentialFeediOSTests */,
			);
		};
/* End PBXProject section */

/* Begin PBXResourcesBuildPhase section */
		383CCEFB24D0CFE400D89226 /* Resources */ = {
			isa = PBXResourcesBuildPhase;
			buildActionMask = 2147483647;
			files = (
				389EA86A250AC7F20031DC29 /* Feed.strings in Resources */,
			);
			runOnlyForDeploymentPostprocessing = 0;
		};
		383CCF0424D0CFE400D89226 /* Resources */ = {
			isa = PBXResourcesBuildPhase;
			buildActionMask = 2147483647;
			files = (
			);
			runOnlyForDeploymentPostprocessing = 0;
		};
		3868FB6C24E9E1B000DF19F6 /* Resources */ = {
			isa = PBXResourcesBuildPhase;
			buildActionMask = 2147483647;
			files = (
			);
			runOnlyForDeploymentPostprocessing = 0;
		};
		38AF876424D7BC13005D3834 /* Resources */ = {
			isa = PBXResourcesBuildPhase;
			buildActionMask = 2147483647;
			files = (
			);
			runOnlyForDeploymentPostprocessing = 0;
		};
		38E1483424EF3A9A00CC2805 /* Resources */ = {
			isa = PBXResourcesBuildPhase;
			buildActionMask = 2147483647;
			files = (
				387049FA250000540034168B /* Feed.storyboard in Resources */,
				387049FC250000DD0034168B /* Feed.xcassets in Resources */,
			);
			runOnlyForDeploymentPostprocessing = 0;
		};
		38E1483C24EF3A9A00CC2805 /* Resources */ = {
			isa = PBXResourcesBuildPhase;
			buildActionMask = 2147483647;
			files = (
				38EB42E4252A651C000C5E3E /* snapshots in Resources */,
			);
			runOnlyForDeploymentPostprocessing = 0;
		};
/* End PBXResourcesBuildPhase section */

/* Begin PBXSourcesBuildPhase section */
		383CCEF924D0CFE400D89226 /* Sources */ = {
			isa = PBXSourcesBuildPhase;
			buildActionMask = 2147483647;
			files = (
				385C63212558AABB008C39BF /* ImageComment.swift in Sources */,
				3868FB6324E9DE1B00DF19F6 /* CoreDataHelpers.swift in Sources */,
				386BBCB924D733990084F6AD /* FeedItemsMapper.swift in Sources */,
				383CCF1A24D0D2E700D89226 /* FeedLoader.swift in Sources */,
				38A3029324E0C7A80073C043 /* RemoteFeedItem.swift in Sources */,
				389EA869250AC7080031DC29 /* FeedPresenter.swift in Sources */,
				3891A8CB250ED35B00ABAEB2 /* FeedImageDataStore.swift in Sources */,
				3822795F24E30BCD00FAC5A3 /* FeedCachePolicy.swift in Sources */,
				389EA875250ADA920031DC29 /* FeedImagePresenter.swift in Sources */,
				3868FB6624E9DE8400DF19F6 /* ManagedFeedImage.swift in Sources */,
				387B1F3524D221F900CDB3FB /* RemoteFeedLoader.swift in Sources */,
				3868521224E9B4C000098EF6 /* FeedStore.xcdatamodeld in Sources */,
				38A3029524E0C7EB0073C043 /* LocalFeedImage.swift in Sources */,
				3868FB6824E9DE8E00DF19F6 /* ManagedCache.swift in Sources */,
				389EA878250ADED60031DC29 /* FeedImageDataLoader.swift in Sources */,
				38A9192F251033A1009D77A0 /* CoreDataFeedStore+FeedStore.swift in Sources */,
				38A3029124E0BB0A0073C043 /* FeedStore.swift in Sources */,
				38A3028F24E0BAF50073C043 /* LocalFeedLoader.swift in Sources */,
				3822796324E367E000FAC5A3 /* CodableFeedStore.swift in Sources */,
				3891A8C1250EA59800ABAEB2 /* HTTPURLResponse+StatusCode.swift in Sources */,
				3857AF95251C2F2B004CC829 /* FeedCache.swift in Sources */,
				38A9192D25102E9E009D77A0 /* CoreDataFeedStore+FeedImageDataLoader.swift in Sources */,
				389EA870250ACA760031DC29 /* FeedViewModel.swift in Sources */,
				385C63192558A51A008C39BF /* ImageCommentsMapper.swift in Sources */,
				386BBCB724D7331E0084F6AD /* HTTPClient.swift in Sources */,
				383CCF1824D0D02000D89226 /* FeedImage.swift in Sources */,
				3857AFA9251C4075004CC829 /* FeedImageDataCache.swift in Sources */,
				385C63082558A418008C39BF /* RemoteImageCommentsLoader.swift in Sources */,
				38AF876124D7B617005D3834 /* URLSessionHTTPClient.swift in Sources */,
				389EA877250ADAFA0031DC29 /* FeedImageViewModel.swift in Sources */,
				3891A8BE250E962C00ABAEB2 /* RemoteFeedImageDataLoader.swift in Sources */,
				389EA86E250AC8A20031DC29 /* FeedErrorViewModel.swift in Sources */,
				3891A8C9250ED32000ABAEB2 /* LocalFeedImageDataLoader.swift in Sources */,
				389EA86C250AC8640031DC29 /* FeedLoadingViewModel.swift in Sources */,
				3868520F24E9B0FA00098EF6 /* CoreDataFeedStore.swift in Sources */,
			);
			runOnlyForDeploymentPostprocessing = 0;
		};
		383CCF0224D0CFE400D89226 /* Sources */ = {
			isa = PBXSourcesBuildPhase;
			buildActionMask = 2147483647;
			files = (
				3822796124E3208A00FAC5A3 /* CodableFeedStoreTests.swift in Sources */,
				386484F724E59FC200B66E0E /* FailableDeleteFeedStoreSpecs.swift in Sources */,
				389EA871250ACABB0031DC29 /* FeedLocalizationTests.swift in Sources */,
				3891A8C3250EA66500ABAEB2 /* URLProtocolStub.swift in Sources */,
				389EA873250ACFF40031DC29 /* FeedImagePresenterTests.swift in Sources */,
				389531ED24E205CC007F0FF7 /* ValidateFeedCacheUseCaseTests.swift in Sources */,
				38A9192525102792009D77A0 /* CoreDataFeedImageDataStoreTests.swift in Sources */,
				380EA70425101E8F00B03D5B /* CacheFeedImageDataUseCaseTests.swift in Sources */,
				383CCF1D24D0D8D500D89226 /* LoadFeedFromRemoteUseCaseTests.swift in Sources */,
				38AF875F24D79882005D3834 /* XCTestCase+MemoryLeaksTracking.swift in Sources */,
				389531F124E20F14007F0FF7 /* SharedTestsHelpers.swift in Sources */,
				389EA85F250ABA5F0031DC29 /* FeedPresenterTests.swift in Sources */,
				389531EB24E1DAFC007F0FF7 /* FeedStoreSpy.swift in Sources */,
				38D5DA24250AE6E700FD5D19 /* LoadFeedImageDataFromRemoteUseCaseTests.swift in Sources */,
				389531EF24E20D86007F0FF7 /* FeedCacheTestsHelpers.swift in Sources */,
				386484F524E59FA500B66E0E /* FailableInsertFeedStoreSpecs.swift in Sources */,
				38C26D0724DB9ADE00389E35 /* CacheFeedUseCase.swift in Sources */,
				389531E824E1D712007F0FF7 /* LoadFeedFromCacheUseCaseTests.swift in Sources */,
				380EA70225101CD500B03D5B /* FeedImageDataStoreSpy.swift in Sources */,
				386484EF24E59C6600B66E0E /* FeedStoreSpecs.swift in Sources */,
				38AF875C24D76931005D3834 /* URLSessionHTTPClientTests.swift in Sources */,
				385C63012558A2D5008C39BF /* LoadImageCommentsFromRemoteUseCaseTests.swift in Sources */,
				386484F124E59D5E00B66E0E /* XCTestCase+FeedStoreSpecs.swift in Sources */,
				3868520D24E9AA9B00098EF6 /* CoreDataFeedStoreTests.swift in Sources */,
				3891A8BC250E941400ABAEB2 /* HTTPClientSpy.swift in Sources */,
				3891A8C7250EB51400ABAEB2 /* LoadFeedImageDataFromCacheUseCaseTests.swift in Sources */,
				386484F324E59F8000B66E0E /* FailableRetrieveFeedStoreSpecs.swift in Sources */,
			);
			runOnlyForDeploymentPostprocessing = 0;
		};
		3868FB6A24E9E1B000DF19F6 /* Sources */ = {
			isa = PBXSourcesBuildPhase;
			buildActionMask = 2147483647;
			files = (
				3868FB7B24E9E6B900DF19F6 /* FeedCacheTestsHelpers.swift in Sources */,
				3868FB7A24E9E61500DF19F6 /* SharedTestsHelpers.swift in Sources */,
				3868FB7124E9E1B000DF19F6 /* EssentialFeedCacheIntegrationTests.swift in Sources */,
				3868FB7924E9E45700DF19F6 /* XCTestCase+MemoryLeaksTracking.swift in Sources */,
			);
			runOnlyForDeploymentPostprocessing = 0;
		};
		38AF876224D7BC13005D3834 /* Sources */ = {
			isa = PBXSourcesBuildPhase;
			buildActionMask = 2147483647;
			files = (
				38AF876924D7BC13005D3834 /* EssentialFeedAPIEndToEndTests.swift in Sources */,
				38AF877124D7C179005D3834 /* XCTestCase+MemoryLeaksTracking.swift in Sources */,
			);
			runOnlyForDeploymentPostprocessing = 0;
		};
		38E1483224EF3A9A00CC2805 /* Sources */ = {
			isa = PBXSourcesBuildPhase;
			buildActionMask = 2147483647;
			files = (
				38EB4305252A6ADC000C5E3E /* UITableView+HeaderSizing.swift in Sources */,
				389EA857250AAD2C0031DC29 /* ErrorView.swift in Sources */,
				3878F43324F3369300CEEDDF /* UIView+Shimmering.swift in Sources */,
				387049FE250011A20034168B /* UITableView+Dequeueing.swift in Sources */,
				38704A00250012480034168B /* UIImageView+Animations.swift in Sources */,
				382874A224F30D25008447C2 /* FeedViewController.swift in Sources */,
				3878F43124F319A100CEEDDF /* FeedImageCell.swift in Sources */,
				38892B9524F45A5800E3D651 /* FeedImageCellController.swift in Sources */,
				389EA85C250AB2BE0031DC29 /* UIRefreshControl+Helpers.swift in Sources */,
			);
			runOnlyForDeploymentPostprocessing = 0;
		};
		38E1483A24EF3A9A00CC2805 /* Sources */ = {
			isa = PBXSourcesBuildPhase;
			buildActionMask = 2147483647;
			files = (
				382874A024F302DC008447C2 /* XCTestCase+MemoryLeaksTracking.swift in Sources */,
				38EB42DD252A5F92000C5E3E /* FeedSnapshotTests.swift in Sources */,
				38EB431D252A7A29000C5E3E /* XCTestCase+Snapshot.swift in Sources */,
				38EB4316252A79BA000C5E3E /* UIViewController+Snapshot.swift in Sources */,
				38EB42FE252A6862000C5E3E /* UIImage+TestHelpers.swift in Sources */,
			);
			runOnlyForDeploymentPostprocessing = 0;
		};
/* End PBXSourcesBuildPhase section */

/* Begin PBXTargetDependency section */
		3828749E24F3023B008447C2 /* PBXTargetDependency */ = {
			isa = PBXTargetDependency;
			platformFilter = ios;
			target = 383CCEFC24D0CFE400D89226 /* EssentialFeed */;
			targetProxy = 3828749D24F3023B008447C2 /* PBXContainerItemProxy */;
		};
		383CCF0924D0CFE400D89226 /* PBXTargetDependency */ = {
			isa = PBXTargetDependency;
			target = 383CCEFC24D0CFE400D89226 /* EssentialFeed */;
			targetProxy = 383CCF0824D0CFE400D89226 /* PBXContainerItemProxy */;
		};
		3868FB7524E9E1B000DF19F6 /* PBXTargetDependency */ = {
			isa = PBXTargetDependency;
			target = 383CCEFC24D0CFE400D89226 /* EssentialFeed */;
			targetProxy = 3868FB7424E9E1B000DF19F6 /* PBXContainerItemProxy */;
		};
		38AF876D24D7BC13005D3834 /* PBXTargetDependency */ = {
			isa = PBXTargetDependency;
			target = 383CCEFC24D0CFE400D89226 /* EssentialFeed */;
			targetProxy = 38AF876C24D7BC13005D3834 /* PBXContainerItemProxy */;
		};
		38E1484124EF3A9A00CC2805 /* PBXTargetDependency */ = {
			isa = PBXTargetDependency;
			target = 38E1483524EF3A9A00CC2805 /* EssentialFeediOS */;
			targetProxy = 38E1484024EF3A9A00CC2805 /* PBXContainerItemProxy */;
		};
/* End PBXTargetDependency section */

/* Begin PBXVariantGroup section */
		389EA864250AC56D0031DC29 /* Feed.strings */ = {
			isa = PBXVariantGroup;
			children = (
				389EA863250AC56D0031DC29 /* en */,
				389EA865250AC5720031DC29 /* el */,
				389EA866250AC5730031DC29 /* pt-BR */,
			);
			name = Feed.strings;
			sourceTree = "<group>";
		};
/* End PBXVariantGroup section */

/* Begin XCBuildConfiguration section */
		383CCF0F24D0CFE400D89226 /* Debug */ = {
			isa = XCBuildConfiguration;
			buildSettings = {
				ALWAYS_SEARCH_USER_PATHS = NO;
				CLANG_ANALYZER_LOCALIZABILITY_NONLOCALIZED = YES;
				CLANG_ANALYZER_NONNULL = YES;
				CLANG_ANALYZER_NUMBER_OBJECT_CONVERSION = YES_AGGRESSIVE;
				CLANG_CXX_LANGUAGE_STANDARD = "gnu++14";
				CLANG_CXX_LIBRARY = "libc++";
				CLANG_ENABLE_MODULES = YES;
				CLANG_ENABLE_OBJC_ARC = YES;
				CLANG_ENABLE_OBJC_WEAK = YES;
				CLANG_WARN_BLOCK_CAPTURE_AUTORELEASING = YES;
				CLANG_WARN_BOOL_CONVERSION = YES;
				CLANG_WARN_COMMA = YES;
				CLANG_WARN_CONSTANT_CONVERSION = YES;
				CLANG_WARN_DEPRECATED_OBJC_IMPLEMENTATIONS = YES;
				CLANG_WARN_DIRECT_OBJC_ISA_USAGE = YES_ERROR;
				CLANG_WARN_DOCUMENTATION_COMMENTS = YES;
				CLANG_WARN_EMPTY_BODY = YES;
				CLANG_WARN_ENUM_CONVERSION = YES;
				CLANG_WARN_INFINITE_RECURSION = YES;
				CLANG_WARN_INT_CONVERSION = YES;
				CLANG_WARN_NON_LITERAL_NULL_CONVERSION = YES;
				CLANG_WARN_OBJC_IMPLICIT_RETAIN_SELF = YES;
				CLANG_WARN_OBJC_LITERAL_CONVERSION = YES;
				CLANG_WARN_OBJC_ROOT_CLASS = YES_ERROR;
				CLANG_WARN_QUOTED_INCLUDE_IN_FRAMEWORK_HEADER = YES;
				CLANG_WARN_RANGE_LOOP_ANALYSIS = YES;
				CLANG_WARN_STRICT_PROTOTYPES = YES;
				CLANG_WARN_SUSPICIOUS_MOVE = YES;
				CLANG_WARN_UNGUARDED_AVAILABILITY = YES_AGGRESSIVE;
				CLANG_WARN_UNREACHABLE_CODE = YES;
				CLANG_WARN__DUPLICATE_METHOD_MATCH = YES;
				COPY_PHASE_STRIP = NO;
				CURRENT_PROJECT_VERSION = 1;
				DEBUG_INFORMATION_FORMAT = dwarf;
				ENABLE_STRICT_OBJC_MSGSEND = YES;
				ENABLE_TESTABILITY = YES;
				GCC_C_LANGUAGE_STANDARD = gnu11;
				GCC_DYNAMIC_NO_PIC = NO;
				GCC_NO_COMMON_BLOCKS = YES;
				GCC_OPTIMIZATION_LEVEL = 0;
				GCC_PREPROCESSOR_DEFINITIONS = (
					"DEBUG=1",
					"$(inherited)",
				);
				GCC_WARN_64_TO_32_BIT_CONVERSION = YES;
				GCC_WARN_ABOUT_RETURN_TYPE = YES_ERROR;
				GCC_WARN_UNDECLARED_SELECTOR = YES;
				GCC_WARN_UNINITIALIZED_AUTOS = YES_AGGRESSIVE;
				GCC_WARN_UNUSED_FUNCTION = YES;
				GCC_WARN_UNUSED_VARIABLE = YES;
				MACOSX_DEPLOYMENT_TARGET = 10.15;
				MTL_ENABLE_DEBUG_INFO = INCLUDE_SOURCE;
				MTL_FAST_MATH = YES;
				ONLY_ACTIVE_ARCH = YES;
				SDKROOT = macosx;
				SWIFT_ACTIVE_COMPILATION_CONDITIONS = DEBUG;
				SWIFT_OPTIMIZATION_LEVEL = "-Onone";
				VERSIONING_SYSTEM = "apple-generic";
				VERSION_INFO_PREFIX = "";
			};
			name = Debug;
		};
		383CCF1024D0CFE400D89226 /* Release */ = {
			isa = XCBuildConfiguration;
			buildSettings = {
				ALWAYS_SEARCH_USER_PATHS = NO;
				CLANG_ANALYZER_LOCALIZABILITY_NONLOCALIZED = YES;
				CLANG_ANALYZER_NONNULL = YES;
				CLANG_ANALYZER_NUMBER_OBJECT_CONVERSION = YES_AGGRESSIVE;
				CLANG_CXX_LANGUAGE_STANDARD = "gnu++14";
				CLANG_CXX_LIBRARY = "libc++";
				CLANG_ENABLE_MODULES = YES;
				CLANG_ENABLE_OBJC_ARC = YES;
				CLANG_ENABLE_OBJC_WEAK = YES;
				CLANG_WARN_BLOCK_CAPTURE_AUTORELEASING = YES;
				CLANG_WARN_BOOL_CONVERSION = YES;
				CLANG_WARN_COMMA = YES;
				CLANG_WARN_CONSTANT_CONVERSION = YES;
				CLANG_WARN_DEPRECATED_OBJC_IMPLEMENTATIONS = YES;
				CLANG_WARN_DIRECT_OBJC_ISA_USAGE = YES_ERROR;
				CLANG_WARN_DOCUMENTATION_COMMENTS = YES;
				CLANG_WARN_EMPTY_BODY = YES;
				CLANG_WARN_ENUM_CONVERSION = YES;
				CLANG_WARN_INFINITE_RECURSION = YES;
				CLANG_WARN_INT_CONVERSION = YES;
				CLANG_WARN_NON_LITERAL_NULL_CONVERSION = YES;
				CLANG_WARN_OBJC_IMPLICIT_RETAIN_SELF = YES;
				CLANG_WARN_OBJC_LITERAL_CONVERSION = YES;
				CLANG_WARN_OBJC_ROOT_CLASS = YES_ERROR;
				CLANG_WARN_QUOTED_INCLUDE_IN_FRAMEWORK_HEADER = YES;
				CLANG_WARN_RANGE_LOOP_ANALYSIS = YES;
				CLANG_WARN_STRICT_PROTOTYPES = YES;
				CLANG_WARN_SUSPICIOUS_MOVE = YES;
				CLANG_WARN_UNGUARDED_AVAILABILITY = YES_AGGRESSIVE;
				CLANG_WARN_UNREACHABLE_CODE = YES;
				CLANG_WARN__DUPLICATE_METHOD_MATCH = YES;
				COPY_PHASE_STRIP = NO;
				CURRENT_PROJECT_VERSION = 1;
				DEBUG_INFORMATION_FORMAT = "dwarf-with-dsym";
				ENABLE_NS_ASSERTIONS = NO;
				ENABLE_STRICT_OBJC_MSGSEND = YES;
				GCC_C_LANGUAGE_STANDARD = gnu11;
				GCC_NO_COMMON_BLOCKS = YES;
				GCC_WARN_64_TO_32_BIT_CONVERSION = YES;
				GCC_WARN_ABOUT_RETURN_TYPE = YES_ERROR;
				GCC_WARN_UNDECLARED_SELECTOR = YES;
				GCC_WARN_UNINITIALIZED_AUTOS = YES_AGGRESSIVE;
				GCC_WARN_UNUSED_FUNCTION = YES;
				GCC_WARN_UNUSED_VARIABLE = YES;
				MACOSX_DEPLOYMENT_TARGET = 10.15;
				MTL_ENABLE_DEBUG_INFO = NO;
				MTL_FAST_MATH = YES;
				SDKROOT = macosx;
				SWIFT_COMPILATION_MODE = wholemodule;
				SWIFT_OPTIMIZATION_LEVEL = "-O";
				VERSIONING_SYSTEM = "apple-generic";
				VERSION_INFO_PREFIX = "";
			};
			name = Release;
		};
		383CCF1224D0CFE400D89226 /* Debug */ = {
			isa = XCBuildConfiguration;
			buildSettings = {
				CLANG_ENABLE_MODULES = YES;
				CODE_SIGN_STYLE = Automatic;
				COMBINE_HIDPI_IMAGES = YES;
				DEFINES_MODULE = YES;
				DEVELOPMENT_TEAM = HS399QXLRD;
				DYLIB_COMPATIBILITY_VERSION = 1;
				DYLIB_CURRENT_VERSION = 1;
				DYLIB_INSTALL_NAME_BASE = "@rpath";
				INFOPLIST_FILE = EssentialFeed/Info.plist;
				INSTALL_PATH = "$(LOCAL_LIBRARY_DIR)/Frameworks";
				IPHONEOS_DEPLOYMENT_TARGET = 13.0;
				LD_RUNPATH_SEARCH_PATHS = (
					"$(inherited)",
					"@executable_path/../Frameworks",
					"@loader_path/Frameworks",
				);
				PRODUCT_BUNDLE_IDENTIFIER = com.alfredohdz.EssentialFeed;
				PRODUCT_NAME = "$(TARGET_NAME:c99extidentifier)";
				SKIP_INSTALL = YES;
				SUPPORTED_PLATFORMS = "macosx iphonesimulator iphoneos";
				SWIFT_OPTIMIZATION_LEVEL = "-Onone";
				SWIFT_VERSION = 5.0;
			};
			name = Debug;
		};
		383CCF1324D0CFE400D89226 /* Release */ = {
			isa = XCBuildConfiguration;
			buildSettings = {
				CLANG_ENABLE_MODULES = YES;
				CODE_SIGN_STYLE = Automatic;
				COMBINE_HIDPI_IMAGES = YES;
				DEFINES_MODULE = YES;
				DEVELOPMENT_TEAM = HS399QXLRD;
				DYLIB_COMPATIBILITY_VERSION = 1;
				DYLIB_CURRENT_VERSION = 1;
				DYLIB_INSTALL_NAME_BASE = "@rpath";
				INFOPLIST_FILE = EssentialFeed/Info.plist;
				INSTALL_PATH = "$(LOCAL_LIBRARY_DIR)/Frameworks";
				IPHONEOS_DEPLOYMENT_TARGET = 13.0;
				LD_RUNPATH_SEARCH_PATHS = (
					"$(inherited)",
					"@executable_path/../Frameworks",
					"@loader_path/Frameworks",
				);
				PRODUCT_BUNDLE_IDENTIFIER = com.alfredohdz.EssentialFeed;
				PRODUCT_NAME = "$(TARGET_NAME:c99extidentifier)";
				SKIP_INSTALL = YES;
				SUPPORTED_PLATFORMS = "macosx iphonesimulator iphoneos";
				SWIFT_VERSION = 5.0;
			};
			name = Release;
		};
		383CCF1524D0CFE400D89226 /* Debug */ = {
			isa = XCBuildConfiguration;
			buildSettings = {
				ALWAYS_EMBED_SWIFT_STANDARD_LIBRARIES = YES;
				CLANG_ENABLE_MODULES = YES;
				CODE_SIGN_STYLE = Automatic;
				COMBINE_HIDPI_IMAGES = YES;
				DEVELOPMENT_TEAM = HS399QXLRD;
				INFOPLIST_FILE = EssentialFeedTests/Info.plist;
				LD_RUNPATH_SEARCH_PATHS = (
					"$(inherited)",
					"@executable_path/../Frameworks",
					"@loader_path/../Frameworks",
				);
				PRODUCT_BUNDLE_IDENTIFIER = com.alfredohdz.EssentialFeedTests;
				PRODUCT_NAME = "$(TARGET_NAME)";
				SUPPORTED_PLATFORMS = "macosx iphonesimulator iphoneos";
				SWIFT_OPTIMIZATION_LEVEL = "-Onone";
				SWIFT_VERSION = 5.0;
			};
			name = Debug;
		};
		383CCF1624D0CFE400D89226 /* Release */ = {
			isa = XCBuildConfiguration;
			buildSettings = {
				ALWAYS_EMBED_SWIFT_STANDARD_LIBRARIES = YES;
				CLANG_ENABLE_MODULES = YES;
				CODE_SIGN_STYLE = Automatic;
				COMBINE_HIDPI_IMAGES = YES;
				DEVELOPMENT_TEAM = HS399QXLRD;
				INFOPLIST_FILE = EssentialFeedTests/Info.plist;
				LD_RUNPATH_SEARCH_PATHS = (
					"$(inherited)",
					"@executable_path/../Frameworks",
					"@loader_path/../Frameworks",
				);
				PRODUCT_BUNDLE_IDENTIFIER = com.alfredohdz.EssentialFeedTests;
				PRODUCT_NAME = "$(TARGET_NAME)";
				SUPPORTED_PLATFORMS = "macosx iphonesimulator iphoneos";
				SWIFT_VERSION = 5.0;
			};
			name = Release;
		};
		3868FB7624E9E1B000DF19F6 /* Debug */ = {
			isa = XCBuildConfiguration;
			buildSettings = {
				CODE_SIGN_STYLE = Automatic;
				COMBINE_HIDPI_IMAGES = YES;
				DEVELOPMENT_TEAM = HS399QXLRD;
				INFOPLIST_FILE = EssentialFeedCacheIntegrationTests/Info.plist;
				LD_RUNPATH_SEARCH_PATHS = (
					"$(inherited)",
					"@executable_path/../Frameworks",
					"@loader_path/../Frameworks",
				);
				PRODUCT_BUNDLE_IDENTIFIER = com.alfredohdz.EssentialFeedCacheIntegrationTests;
				PRODUCT_NAME = "$(TARGET_NAME)";
				SUPPORTED_PLATFORMS = "macosx iphonesimulator iphoneos";
				SWIFT_VERSION = 5.0;
			};
			name = Debug;
		};
		3868FB7724E9E1B000DF19F6 /* Release */ = {
			isa = XCBuildConfiguration;
			buildSettings = {
				CODE_SIGN_STYLE = Automatic;
				COMBINE_HIDPI_IMAGES = YES;
				DEVELOPMENT_TEAM = HS399QXLRD;
				INFOPLIST_FILE = EssentialFeedCacheIntegrationTests/Info.plist;
				LD_RUNPATH_SEARCH_PATHS = (
					"$(inherited)",
					"@executable_path/../Frameworks",
					"@loader_path/../Frameworks",
				);
				PRODUCT_BUNDLE_IDENTIFIER = com.alfredohdz.EssentialFeedCacheIntegrationTests;
				PRODUCT_NAME = "$(TARGET_NAME)";
				SUPPORTED_PLATFORMS = "macosx iphonesimulator iphoneos";
				SWIFT_VERSION = 5.0;
			};
			name = Release;
		};
		38AF876E24D7BC13005D3834 /* Debug */ = {
			isa = XCBuildConfiguration;
			buildSettings = {
				CODE_SIGN_STYLE = Automatic;
				COMBINE_HIDPI_IMAGES = YES;
				DEVELOPMENT_TEAM = HS399QXLRD;
				INFOPLIST_FILE = EssentialFeedAPIEndToEndTests/Info.plist;
				LD_RUNPATH_SEARCH_PATHS = (
					"$(inherited)",
					"@executable_path/../Frameworks",
					"@loader_path/../Frameworks",
				);
				PRODUCT_BUNDLE_IDENTIFIER = com.alfredohdz.EssentialFeedAPIEndToEndTests;
				PRODUCT_NAME = "$(TARGET_NAME)";
				SUPPORTED_PLATFORMS = "macosx iphonesimulator iphoneos";
				SWIFT_VERSION = 5.0;
			};
			name = Debug;
		};
		38AF876F24D7BC13005D3834 /* Release */ = {
			isa = XCBuildConfiguration;
			buildSettings = {
				CODE_SIGN_STYLE = Automatic;
				COMBINE_HIDPI_IMAGES = YES;
				DEVELOPMENT_TEAM = HS399QXLRD;
				INFOPLIST_FILE = EssentialFeedAPIEndToEndTests/Info.plist;
				LD_RUNPATH_SEARCH_PATHS = (
					"$(inherited)",
					"@executable_path/../Frameworks",
					"@loader_path/../Frameworks",
				);
				PRODUCT_BUNDLE_IDENTIFIER = com.alfredohdz.EssentialFeedAPIEndToEndTests;
				PRODUCT_NAME = "$(TARGET_NAME)";
				SUPPORTED_PLATFORMS = "macosx iphonesimulator iphoneos";
				SWIFT_VERSION = 5.0;
			};
			name = Release;
		};
		38E1484824EF3A9A00CC2805 /* Debug */ = {
			isa = XCBuildConfiguration;
			buildSettings = {
				CLANG_ENABLE_MODULES = YES;
				CODE_SIGN_STYLE = Automatic;
				DEFINES_MODULE = YES;
				DEVELOPMENT_TEAM = HS399QXLRD;
				DYLIB_COMPATIBILITY_VERSION = 1;
				DYLIB_CURRENT_VERSION = 1;
				DYLIB_INSTALL_NAME_BASE = "@rpath";
				INFOPLIST_FILE = EssentialFeediOS/Info.plist;
				INSTALL_PATH = "$(LOCAL_LIBRARY_DIR)/Frameworks";
				IPHONEOS_DEPLOYMENT_TARGET = 13.0;
				LD_RUNPATH_SEARCH_PATHS = (
					"$(inherited)",
					"@executable_path/Frameworks",
					"@loader_path/Frameworks",
				);
				PRODUCT_BUNDLE_IDENTIFIER = "com.alfredohdz.essential-feed.EssentialFeediOS";
				PRODUCT_NAME = "$(TARGET_NAME:c99extidentifier)";
				SDKROOT = iphoneos;
				SKIP_INSTALL = YES;
				SUPPORTS_MACCATALYST = NO;
				SWIFT_OPTIMIZATION_LEVEL = "-Onone";
				SWIFT_VERSION = 5.0;
				TARGETED_DEVICE_FAMILY = "1,2";
			};
			name = Debug;
		};
		38E1484924EF3A9A00CC2805 /* Release */ = {
			isa = XCBuildConfiguration;
			buildSettings = {
				CLANG_ENABLE_MODULES = YES;
				CODE_SIGN_STYLE = Automatic;
				DEFINES_MODULE = YES;
				DEVELOPMENT_TEAM = HS399QXLRD;
				DYLIB_COMPATIBILITY_VERSION = 1;
				DYLIB_CURRENT_VERSION = 1;
				DYLIB_INSTALL_NAME_BASE = "@rpath";
				INFOPLIST_FILE = EssentialFeediOS/Info.plist;
				INSTALL_PATH = "$(LOCAL_LIBRARY_DIR)/Frameworks";
				IPHONEOS_DEPLOYMENT_TARGET = 13.0;
				LD_RUNPATH_SEARCH_PATHS = (
					"$(inherited)",
					"@executable_path/Frameworks",
					"@loader_path/Frameworks",
				);
				PRODUCT_BUNDLE_IDENTIFIER = "com.alfredohdz.essential-feed.EssentialFeediOS";
				PRODUCT_NAME = "$(TARGET_NAME:c99extidentifier)";
				SDKROOT = iphoneos;
				SKIP_INSTALL = YES;
				SUPPORTS_MACCATALYST = NO;
				SWIFT_VERSION = 5.0;
				TARGETED_DEVICE_FAMILY = "1,2";
				VALIDATE_PRODUCT = YES;
			};
			name = Release;
		};
		38E1484B24EF3A9A00CC2805 /* Debug */ = {
			isa = XCBuildConfiguration;
			buildSettings = {
				ALWAYS_EMBED_SWIFT_STANDARD_LIBRARIES = YES;
				CLANG_ENABLE_MODULES = YES;
				CODE_SIGN_STYLE = Automatic;
				DEVELOPMENT_TEAM = HS399QXLRD;
				INFOPLIST_FILE = EssentialFeediOSTests/Info.plist;
				IPHONEOS_DEPLOYMENT_TARGET = 13.5;
				LD_RUNPATH_SEARCH_PATHS = (
					"$(inherited)",
					"@executable_path/Frameworks",
					"@loader_path/Frameworks",
				);
				PRODUCT_BUNDLE_IDENTIFIER = "com.alfredohdz.essential-feed.EssentialFeediOSTests";
				PRODUCT_NAME = "$(TARGET_NAME)";
				SDKROOT = iphoneos;
				SWIFT_OPTIMIZATION_LEVEL = "-Onone";
				SWIFT_VERSION = 5.0;
				TARGETED_DEVICE_FAMILY = "1,2";
			};
			name = Debug;
		};
		38E1484C24EF3A9A00CC2805 /* Release */ = {
			isa = XCBuildConfiguration;
			buildSettings = {
				ALWAYS_EMBED_SWIFT_STANDARD_LIBRARIES = YES;
				CLANG_ENABLE_MODULES = YES;
				CODE_SIGN_STYLE = Automatic;
				DEVELOPMENT_TEAM = HS399QXLRD;
				INFOPLIST_FILE = EssentialFeediOSTests/Info.plist;
				IPHONEOS_DEPLOYMENT_TARGET = 13.5;
				LD_RUNPATH_SEARCH_PATHS = (
					"$(inherited)",
					"@executable_path/Frameworks",
					"@loader_path/Frameworks",
				);
				PRODUCT_BUNDLE_IDENTIFIER = "com.alfredohdz.essential-feed.EssentialFeediOSTests";
				PRODUCT_NAME = "$(TARGET_NAME)";
				SDKROOT = iphoneos;
				SWIFT_VERSION = 5.0;
				TARGETED_DEVICE_FAMILY = "1,2";
				VALIDATE_PRODUCT = YES;
			};
			name = Release;
		};
/* End XCBuildConfiguration section */

/* Begin XCConfigurationList section */
		383CCEF724D0CFE400D89226 /* Build configuration list for PBXProject "EssentialFeed" */ = {
			isa = XCConfigurationList;
			buildConfigurations = (
				383CCF0F24D0CFE400D89226 /* Debug */,
				383CCF1024D0CFE400D89226 /* Release */,
			);
			defaultConfigurationIsVisible = 0;
			defaultConfigurationName = Release;
		};
		383CCF1124D0CFE400D89226 /* Build configuration list for PBXNativeTarget "EssentialFeed" */ = {
			isa = XCConfigurationList;
			buildConfigurations = (
				383CCF1224D0CFE400D89226 /* Debug */,
				383CCF1324D0CFE400D89226 /* Release */,
			);
			defaultConfigurationIsVisible = 0;
			defaultConfigurationName = Release;
		};
		383CCF1424D0CFE400D89226 /* Build configuration list for PBXNativeTarget "EssentialFeedTests" */ = {
			isa = XCConfigurationList;
			buildConfigurations = (
				383CCF1524D0CFE400D89226 /* Debug */,
				383CCF1624D0CFE400D89226 /* Release */,
			);
			defaultConfigurationIsVisible = 0;
			defaultConfigurationName = Release;
		};
		3868FB7824E9E1B000DF19F6 /* Build configuration list for PBXNativeTarget "EssentialFeedCacheIntegrationTests" */ = {
			isa = XCConfigurationList;
			buildConfigurations = (
				3868FB7624E9E1B000DF19F6 /* Debug */,
				3868FB7724E9E1B000DF19F6 /* Release */,
			);
			defaultConfigurationIsVisible = 0;
			defaultConfigurationName = Release;
		};
		38AF877024D7BC13005D3834 /* Build configuration list for PBXNativeTarget "EssentialFeedAPIEndToEndTests" */ = {
			isa = XCConfigurationList;
			buildConfigurations = (
				38AF876E24D7BC13005D3834 /* Debug */,
				38AF876F24D7BC13005D3834 /* Release */,
			);
			defaultConfigurationIsVisible = 0;
			defaultConfigurationName = Release;
		};
		38E1484724EF3A9A00CC2805 /* Build configuration list for PBXNativeTarget "EssentialFeediOS" */ = {
			isa = XCConfigurationList;
			buildConfigurations = (
				38E1484824EF3A9A00CC2805 /* Debug */,
				38E1484924EF3A9A00CC2805 /* Release */,
			);
			defaultConfigurationIsVisible = 0;
			defaultConfigurationName = Release;
		};
		38E1484A24EF3A9A00CC2805 /* Build configuration list for PBXNativeTarget "EssentialFeediOSTests" */ = {
			isa = XCConfigurationList;
			buildConfigurations = (
				38E1484B24EF3A9A00CC2805 /* Debug */,
				38E1484C24EF3A9A00CC2805 /* Release */,
			);
			defaultConfigurationIsVisible = 0;
			defaultConfigurationName = Release;
		};
/* End XCConfigurationList section */

/* Begin XCVersionGroup section */
		3868521024E9B4C000098EF6 /* FeedStore.xcdatamodeld */ = {
			isa = XCVersionGroup;
			children = (
				38A9192B25102DEE009D77A0 /* FeedStore2.xcdatamodel */,
				3868521124E9B4C000098EF6 /* FeedStore.xcdatamodel */,
			);
			currentVersion = 38A9192B25102DEE009D77A0 /* FeedStore2.xcdatamodel */;
			path = FeedStore.xcdatamodeld;
			sourceTree = "<group>";
			versionGroupType = wrapper.xcdatamodel;
		};
/* End XCVersionGroup section */
	};
	rootObject = 383CCEF424D0CFE400D89226 /* Project object */;
}
