// !$*UTF8*$!
{
	archiveVersion = 1;
	classes = {
	};
	objectVersion = 50;
	objects = {

/* Begin PBXBuildFile section */
		38253C96251194D7006F39F4 /* AppDelegate.swift in Sources */ = {isa = PBXBuildFile; fileRef = 38253C95251194D7006F39F4 /* AppDelegate.swift */; };
		38253C98251194D7006F39F4 /* SceneDelegate.swift in Sources */ = {isa = PBXBuildFile; fileRef = 38253C97251194D7006F39F4 /* SceneDelegate.swift */; };
		38253C9F251194D9006F39F4 /* Assets.xcassets in Resources */ = {isa = PBXBuildFile; fileRef = 38253C9E251194D9006F39F4 /* Assets.xcassets */; };
		38253CA2251194D9006F39F4 /* LaunchScreen.storyboard in Resources */ = {isa = PBXBuildFile; fileRef = 38253CA0251194D9006F39F4 /* LaunchScreen.storyboard */; };
		38253CC425119765006F39F4 /* EssentialFeed.framework in Frameworks */ = {isa = PBXBuildFile; fileRef = 38253CC225119765006F39F4 /* EssentialFeed.framework */; };
		38253CC525119765006F39F4 /* EssentialFeed.framework in Embed Frameworks */ = {isa = PBXBuildFile; fileRef = 38253CC225119765006F39F4 /* EssentialFeed.framework */; settings = {ATTRIBUTES = (CodeSignOnCopy, RemoveHeadersOnCopy, ); }; };
		38253CC625119765006F39F4 /* EssentialFeediOS.framework in Frameworks */ = {isa = PBXBuildFile; fileRef = 38253CC325119765006F39F4 /* EssentialFeediOS.framework */; };
		38253CC725119765006F39F4 /* EssentialFeediOS.framework in Embed Frameworks */ = {isa = PBXBuildFile; fileRef = 38253CC325119765006F39F4 /* EssentialFeediOS.framework */; settings = {ATTRIBUTES = (CodeSignOnCopy, RemoveHeadersOnCopy, ); }; };
		383FAA8725213E6A00C70BB0 /* SceneDelegateTests.swift in Sources */ = {isa = PBXBuildFile; fileRef = 383FAA8625213E6A00C70BB0 /* SceneDelegateTests.swift */; };
		383FAA902521487E00C70BB0 /* WeakRefVirtualProxy.swift in Sources */ = {isa = PBXBuildFile; fileRef = 383FAA8D2521487E00C70BB0 /* WeakRefVirtualProxy.swift */; };
		383FAA912521487E00C70BB0 /* FeedUIComposer.swift in Sources */ = {isa = PBXBuildFile; fileRef = 383FAA8F2521487E00C70BB0 /* FeedUIComposer.swift */; };
		383FAA932521487E00C70BB0 /* LoadResourcePresentationAdapter.swift in Sources */ = {isa = PBXBuildFile; fileRef = 383FAA8B2521487E00C70BB0 /* LoadResourcePresentationAdapter.swift */; };
		383FAA952521487E00C70BB0 /* FeedViewAdapter.swift in Sources */ = {isa = PBXBuildFile; fileRef = 383FAA8C2521487E00C70BB0 /* FeedViewAdapter.swift */; };
		383FAAB6252148CE00C70BB0 /* UIControl+TestHelpers.swift in Sources */ = {isa = PBXBuildFile; fileRef = 383FAAB4252148CE00C70BB0 /* UIControl+TestHelpers.swift */; };
		383FAAB7252148CE00C70BB0 /* FeedUIIntegrationTests+Localization.swift in Sources */ = {isa = PBXBuildFile; fileRef = 383FAAA9252148CD00C70BB0 /* FeedUIIntegrationTests+Localization.swift */; };
		383FAAB8252148CE00C70BB0 /* FeedUIIntegrationTests+Assertions.swift in Sources */ = {isa = PBXBuildFile; fileRef = 383FAAAA252148CD00C70BB0 /* FeedUIIntegrationTests+Assertions.swift */; };
		383FAAB9252148CE00C70BB0 /* UIButton+TestHelpers.swift in Sources */ = {isa = PBXBuildFile; fileRef = 383FAA9E252148CC00C70BB0 /* UIButton+TestHelpers.swift */; };
		383FAABA252148CE00C70BB0 /* FeedViewController+TestHelpers.swift in Sources */ = {isa = PBXBuildFile; fileRef = 383FAAAB252148CD00C70BB0 /* FeedViewController+TestHelpers.swift */; };
		383FAABB252148CE00C70BB0 /* FeedUIIntegrationTests+LoaderSpy.swift in Sources */ = {isa = PBXBuildFile; fileRef = 383FAA9F252148CC00C70BB0 /* FeedUIIntegrationTests+LoaderSpy.swift */; };
		383FAABC252148CE00C70BB0 /* FeedImageCell+TestHelpers.swift in Sources */ = {isa = PBXBuildFile; fileRef = 383FAAB3252148CE00C70BB0 /* FeedImageCell+TestHelpers.swift */; };
		383FAABD252148CE00C70BB0 /* UIImage+TestHelpers.swift in Sources */ = {isa = PBXBuildFile; fileRef = 383FAAB5252148CE00C70BB0 /* UIImage+TestHelpers.swift */; };
		383FAABE252148CE00C70BB0 /* UIRefreshControl+TestHelpers.swift in Sources */ = {isa = PBXBuildFile; fileRef = 383FAA9D252148CC00C70BB0 /* UIRefreshControl+TestHelpers.swift */; };
		383FAACC25214A7400C70BB0 /* FeedUIIntegrationTests.swift in Sources */ = {isa = PBXBuildFile; fileRef = 383FAACB25214A7400C70BB0 /* FeedUIIntegrationTests.swift */; };
		383FAADA25214E9C00C70BB0 /* FeedAcceptanceTests.swift in Sources */ = {isa = PBXBuildFile; fileRef = 383FAAD925214E9C00C70BB0 /* FeedAcceptanceTests.swift */; };
		383FAB2125253F3100C70BB0 /* HTTPClientStub.swift in Sources */ = {isa = PBXBuildFile; fileRef = 383FAB2025253F3100C70BB0 /* HTTPClientStub.swift */; };
		383FAB2425253F9400C70BB0 /* InMemoryFeedStore.swift in Sources */ = {isa = PBXBuildFile; fileRef = 383FAB2325253F9400C70BB0 /* InMemoryFeedStore.swift */; };
		3857AF7F251BF48A004CC829 /* XCTestCase+MemoryLeakTracking.swift in Sources */ = {isa = PBXBuildFile; fileRef = 3857AF7E251BF48A004CC829 /* XCTestCase+MemoryLeakTracking.swift */; };
		3857AF83251BF4D5004CC829 /* SharedTestHelpers.swift in Sources */ = {isa = PBXBuildFile; fileRef = 3857AF82251BF4D5004CC829 /* SharedTestHelpers.swift */; };
		3857AF8E251C23B7004CC829 /* FeedLoaderStub.swift in Sources */ = {isa = PBXBuildFile; fileRef = 3857AF8D251C23B7004CC829 /* FeedLoaderStub.swift */; };
		3857AF91251C24EB004CC829 /* XCTestCase+FeedLoader.swift in Sources */ = {isa = PBXBuildFile; fileRef = 3857AF90251C24EB004CC829 /* XCTestCase+FeedLoader.swift */; };
		3857AFA3251C38E8004CC829 /* FeedImageDataLoaderSpy.swift in Sources */ = {isa = PBXBuildFile; fileRef = 3857AFA2251C38E8004CC829 /* FeedImageDataLoaderSpy.swift */; };
		3857AFA6251C39B4004CC829 /* XCTestCase+FeedImageDataLoader.swift in Sources */ = {isa = PBXBuildFile; fileRef = 3857AFA5251C39B4004CC829 /* XCTestCase+FeedImageDataLoader.swift */; };
		38982DF52536322E0059DC3C /* UIView+TestHelpers.swift in Sources */ = {isa = PBXBuildFile; fileRef = 38982DF42536322E0059DC3C /* UIView+TestHelpers.swift */; };
		38D183BA2537D10B0029486A /* CombineHelpers.swift in Sources */ = {isa = PBXBuildFile; fileRef = 38D183B92537D10B0029486A /* CombineHelpers.swift */; };
/* End PBXBuildFile section */

/* Begin PBXContainerItemProxy section */
		38253CA9251194D9006F39F4 /* PBXContainerItemProxy */ = {
			isa = PBXContainerItemProxy;
			containerPortal = 38253C8A251194D7006F39F4 /* Project object */;
			proxyType = 1;
			remoteGlobalIDString = 38253C91251194D7006F39F4;
			remoteInfo = EssentialApp;
		};
/* End PBXContainerItemProxy section */

/* Begin PBXCopyFilesBuildPhase section */
		38253CC825119765006F39F4 /* Embed Frameworks */ = {
			isa = PBXCopyFilesBuildPhase;
			buildActionMask = 2147483647;
			dstPath = "";
			dstSubfolderSpec = 10;
			files = (
				38253CC525119765006F39F4 /* EssentialFeed.framework in Embed Frameworks */,
				38253CC725119765006F39F4 /* EssentialFeediOS.framework in Embed Frameworks */,
			);
			name = "Embed Frameworks";
			runOnlyForDeploymentPostprocessing = 0;
		};
/* End PBXCopyFilesBuildPhase section */

/* Begin PBXFileReference section */
		38253C92251194D7006F39F4 /* EssentialApp.app */ = {isa = PBXFileReference; explicitFileType = wrapper.application; includeInIndex = 0; path = EssentialApp.app; sourceTree = BUILT_PRODUCTS_DIR; };
		38253C95251194D7006F39F4 /* AppDelegate.swift */ = {isa = PBXFileReference; lastKnownFileType = sourcecode.swift; path = AppDelegate.swift; sourceTree = "<group>"; };
		38253C97251194D7006F39F4 /* SceneDelegate.swift */ = {isa = PBXFileReference; lastKnownFileType = sourcecode.swift; path = SceneDelegate.swift; sourceTree = "<group>"; };
		38253C9E251194D9006F39F4 /* Assets.xcassets */ = {isa = PBXFileReference; lastKnownFileType = folder.assetcatalog; path = Assets.xcassets; sourceTree = "<group>"; };
		38253CA1251194D9006F39F4 /* Base */ = {isa = PBXFileReference; lastKnownFileType = file.storyboard; name = Base; path = Base.lproj/LaunchScreen.storyboard; sourceTree = "<group>"; };
		38253CA3251194D9006F39F4 /* Info.plist */ = {isa = PBXFileReference; lastKnownFileType = text.plist.xml; path = Info.plist; sourceTree = "<group>"; };
		38253CA8251194D9006F39F4 /* EssentialAppTests.xctest */ = {isa = PBXFileReference; explicitFileType = wrapper.cfbundle; includeInIndex = 0; path = EssentialAppTests.xctest; sourceTree = BUILT_PRODUCTS_DIR; };
		38253CAE251194D9006F39F4 /* Info.plist */ = {isa = PBXFileReference; lastKnownFileType = text.plist.xml; path = Info.plist; sourceTree = "<group>"; };
		38253CC225119765006F39F4 /* EssentialFeed.framework */ = {isa = PBXFileReference; explicitFileType = wrapper.framework; path = EssentialFeed.framework; sourceTree = BUILT_PRODUCTS_DIR; };
		38253CC325119765006F39F4 /* EssentialFeediOS.framework */ = {isa = PBXFileReference; explicitFileType = wrapper.framework; path = EssentialFeediOS.framework; sourceTree = BUILT_PRODUCTS_DIR; };
		383FAA8625213E6A00C70BB0 /* SceneDelegateTests.swift */ = {isa = PBXFileReference; lastKnownFileType = sourcecode.swift; path = SceneDelegateTests.swift; sourceTree = "<group>"; };
		383FAA8B2521487E00C70BB0 /* LoadResourcePresentationAdapter.swift */ = {isa = PBXFileReference; lastKnownFileType = sourcecode.swift; path = LoadResourcePresentationAdapter.swift; sourceTree = "<group>"; };
		383FAA8C2521487E00C70BB0 /* FeedViewAdapter.swift */ = {isa = PBXFileReference; lastKnownFileType = sourcecode.swift; path = FeedViewAdapter.swift; sourceTree = "<group>"; };
		383FAA8D2521487E00C70BB0 /* WeakRefVirtualProxy.swift */ = {isa = PBXFileReference; lastKnownFileType = sourcecode.swift; path = WeakRefVirtualProxy.swift; sourceTree = "<group>"; };
		383FAA8F2521487E00C70BB0 /* FeedUIComposer.swift */ = {isa = PBXFileReference; lastKnownFileType = sourcecode.swift; path = FeedUIComposer.swift; sourceTree = "<group>"; };
		383FAA9D252148CC00C70BB0 /* UIRefreshControl+TestHelpers.swift */ = {isa = PBXFileReference; lastKnownFileType = sourcecode.swift; path = "UIRefreshControl+TestHelpers.swift"; sourceTree = "<group>"; };
		383FAA9E252148CC00C70BB0 /* UIButton+TestHelpers.swift */ = {isa = PBXFileReference; lastKnownFileType = sourcecode.swift; path = "UIButton+TestHelpers.swift"; sourceTree = "<group>"; };
		383FAA9F252148CC00C70BB0 /* FeedUIIntegrationTests+LoaderSpy.swift */ = {isa = PBXFileReference; lastKnownFileType = sourcecode.swift; path = "FeedUIIntegrationTests+LoaderSpy.swift"; sourceTree = "<group>"; };
		383FAAA9252148CD00C70BB0 /* FeedUIIntegrationTests+Localization.swift */ = {isa = PBXFileReference; lastKnownFileType = sourcecode.swift; path = "FeedUIIntegrationTests+Localization.swift"; sourceTree = "<group>"; };
		383FAAAA252148CD00C70BB0 /* FeedUIIntegrationTests+Assertions.swift */ = {isa = PBXFileReference; lastKnownFileType = sourcecode.swift; path = "FeedUIIntegrationTests+Assertions.swift"; sourceTree = "<group>"; };
		383FAAAB252148CD00C70BB0 /* FeedViewController+TestHelpers.swift */ = {isa = PBXFileReference; lastKnownFileType = sourcecode.swift; path = "FeedViewController+TestHelpers.swift"; sourceTree = "<group>"; };
		383FAAB3252148CE00C70BB0 /* FeedImageCell+TestHelpers.swift */ = {isa = PBXFileReference; lastKnownFileType = sourcecode.swift; path = "FeedImageCell+TestHelpers.swift"; sourceTree = "<group>"; };
		383FAAB4252148CE00C70BB0 /* UIControl+TestHelpers.swift */ = {isa = PBXFileReference; lastKnownFileType = sourcecode.swift; path = "UIControl+TestHelpers.swift"; sourceTree = "<group>"; };
		383FAAB5252148CE00C70BB0 /* UIImage+TestHelpers.swift */ = {isa = PBXFileReference; lastKnownFileType = sourcecode.swift; path = "UIImage+TestHelpers.swift"; sourceTree = "<group>"; };
		383FAACB25214A7400C70BB0 /* FeedUIIntegrationTests.swift */ = {isa = PBXFileReference; lastKnownFileType = sourcecode.swift; path = FeedUIIntegrationTests.swift; sourceTree = "<group>"; };
		383FAAD925214E9C00C70BB0 /* FeedAcceptanceTests.swift */ = {isa = PBXFileReference; lastKnownFileType = sourcecode.swift; path = FeedAcceptanceTests.swift; sourceTree = "<group>"; };
		383FAB2025253F3100C70BB0 /* HTTPClientStub.swift */ = {isa = PBXFileReference; lastKnownFileType = sourcecode.swift; path = HTTPClientStub.swift; sourceTree = "<group>"; };
		383FAB2325253F9400C70BB0 /* InMemoryFeedStore.swift */ = {isa = PBXFileReference; lastKnownFileType = sourcecode.swift; path = InMemoryFeedStore.swift; sourceTree = "<group>"; };
		3857AF7E251BF48A004CC829 /* XCTestCase+MemoryLeakTracking.swift */ = {isa = PBXFileReference; lastKnownFileType = sourcecode.swift; path = "XCTestCase+MemoryLeakTracking.swift"; sourceTree = "<group>"; };
		3857AF82251BF4D5004CC829 /* SharedTestHelpers.swift */ = {isa = PBXFileReference; lastKnownFileType = sourcecode.swift; path = SharedTestHelpers.swift; sourceTree = "<group>"; };
		3857AF8D251C23B7004CC829 /* FeedLoaderStub.swift */ = {isa = PBXFileReference; lastKnownFileType = sourcecode.swift; path = FeedLoaderStub.swift; sourceTree = "<group>"; };
		3857AF90251C24EB004CC829 /* XCTestCase+FeedLoader.swift */ = {isa = PBXFileReference; lastKnownFileType = sourcecode.swift; path = "XCTestCase+FeedLoader.swift"; sourceTree = "<group>"; };
		3857AFA2251C38E8004CC829 /* FeedImageDataLoaderSpy.swift */ = {isa = PBXFileReference; lastKnownFileType = sourcecode.swift; path = FeedImageDataLoaderSpy.swift; sourceTree = "<group>"; };
		3857AFA5251C39B4004CC829 /* XCTestCase+FeedImageDataLoader.swift */ = {isa = PBXFileReference; lastKnownFileType = sourcecode.swift; path = "XCTestCase+FeedImageDataLoader.swift"; sourceTree = "<group>"; };
		38982DF42536322E0059DC3C /* UIView+TestHelpers.swift */ = {isa = PBXFileReference; lastKnownFileType = sourcecode.swift; path = "UIView+TestHelpers.swift"; sourceTree = "<group>"; };
		38D183B92537D10B0029486A /* CombineHelpers.swift */ = {isa = PBXFileReference; lastKnownFileType = sourcecode.swift; path = CombineHelpers.swift; sourceTree = "<group>"; };
/* End PBXFileReference section */

/* Begin PBXFrameworksBuildPhase section */
		38253C8F251194D7006F39F4 /* Frameworks */ = {
			isa = PBXFrameworksBuildPhase;
			buildActionMask = 2147483647;
			files = (
				38253CC425119765006F39F4 /* EssentialFeed.framework in Frameworks */,
				38253CC625119765006F39F4 /* EssentialFeediOS.framework in Frameworks */,
			);
			runOnlyForDeploymentPostprocessing = 0;
		};
		38253CA5251194D9006F39F4 /* Frameworks */ = {
			isa = PBXFrameworksBuildPhase;
			buildActionMask = 2147483647;
			files = (
			);
			runOnlyForDeploymentPostprocessing = 0;
		};
/* End PBXFrameworksBuildPhase section */

/* Begin PBXGroup section */
		38253C89251194D7006F39F4 = {
			isa = PBXGroup;
			children = (
				38253C94251194D7006F39F4 /* EssentialApp */,
				38253CAB251194D9006F39F4 /* EssentialAppTests */,
				38253C93251194D7006F39F4 /* Products */,
				38253CC125119765006F39F4 /* Frameworks */,
			);
			sourceTree = "<group>";
		};
		38253C93251194D7006F39F4 /* Products */ = {
			isa = PBXGroup;
			children = (
				38253C92251194D7006F39F4 /* EssentialApp.app */,
				38253CA8251194D9006F39F4 /* EssentialAppTests.xctest */,
			);
			name = Products;
			sourceTree = "<group>";
		};
		38253C94251194D7006F39F4 /* EssentialApp */ = {
			isa = PBXGroup;
			children = (
				38253C95251194D7006F39F4 /* AppDelegate.swift */,
				38253C97251194D7006F39F4 /* SceneDelegate.swift */,
				383FAA8F2521487E00C70BB0 /* FeedUIComposer.swift */,
				383FAA8D2521487E00C70BB0 /* WeakRefVirtualProxy.swift */,
				383FAA8B2521487E00C70BB0 /* LoadResourcePresentationAdapter.swift */,
				383FAA8C2521487E00C70BB0 /* FeedViewAdapter.swift */,
				38253C9E251194D9006F39F4 /* Assets.xcassets */,
				38253CA0251194D9006F39F4 /* LaunchScreen.storyboard */,
				38253CA3251194D9006F39F4 /* Info.plist */,
				38D183B92537D10B0029486A /* CombineHelpers.swift */,
			);
			path = EssentialApp;
			sourceTree = "<group>";
		};
		38253CAB251194D9006F39F4 /* EssentialAppTests */ = {
			isa = PBXGroup;
			children = (
				3857AF7D251BF47D004CC829 /* Helpers */,
				38253CAE251194D9006F39F4 /* Info.plist */,
				383FAACB25214A7400C70BB0 /* FeedUIIntegrationTests.swift */,
				383FAA8625213E6A00C70BB0 /* SceneDelegateTests.swift */,
				383FAAD925214E9C00C70BB0 /* FeedAcceptanceTests.swift */,
			);
			path = EssentialAppTests;
			sourceTree = "<group>";
		};
		38253CC125119765006F39F4 /* Frameworks */ = {
			isa = PBXGroup;
			children = (
				38253CC225119765006F39F4 /* EssentialFeed.framework */,
				38253CC325119765006F39F4 /* EssentialFeediOS.framework */,
			);
			name = Frameworks;
			sourceTree = "<group>";
		};
		3857AF7D251BF47D004CC829 /* Helpers */ = {
			isa = PBXGroup;
			children = (
				383FAAB3252148CE00C70BB0 /* FeedImageCell+TestHelpers.swift */,
				383FAAAA252148CD00C70BB0 /* FeedUIIntegrationTests+Assertions.swift */,
				383FAA9F252148CC00C70BB0 /* FeedUIIntegrationTests+LoaderSpy.swift */,
				383FAAA9252148CD00C70BB0 /* FeedUIIntegrationTests+Localization.swift */,
				383FAAAB252148CD00C70BB0 /* FeedViewController+TestHelpers.swift */,
				383FAA9E252148CC00C70BB0 /* UIButton+TestHelpers.swift */,
				383FAAB4252148CE00C70BB0 /* UIControl+TestHelpers.swift */,
				383FAAB5252148CE00C70BB0 /* UIImage+TestHelpers.swift */,
				383FAA9D252148CC00C70BB0 /* UIRefreshControl+TestHelpers.swift */,
				3857AF7E251BF48A004CC829 /* XCTestCase+MemoryLeakTracking.swift */,
				3857AF90251C24EB004CC829 /* XCTestCase+FeedLoader.swift */,
				3857AF82251BF4D5004CC829 /* SharedTestHelpers.swift */,
				3857AF8D251C23B7004CC829 /* FeedLoaderStub.swift */,
				3857AFA2251C38E8004CC829 /* FeedImageDataLoaderSpy.swift */,
				3857AFA5251C39B4004CC829 /* XCTestCase+FeedImageDataLoader.swift */,
				383FAB2025253F3100C70BB0 /* HTTPClientStub.swift */,
				383FAB2325253F9400C70BB0 /* InMemoryFeedStore.swift */,
				38982DF42536322E0059DC3C /* UIView+TestHelpers.swift */,
			);
			path = Helpers;
			sourceTree = "<group>";
		};
/* End PBXGroup section */

/* Begin PBXNativeTarget section */
		38253C91251194D7006F39F4 /* EssentialApp */ = {
			isa = PBXNativeTarget;
			buildConfigurationList = 38253CB1251194D9006F39F4 /* Build configuration list for PBXNativeTarget "EssentialApp" */;
			buildPhases = (
				38253C8E251194D7006F39F4 /* Sources */,
				38253C8F251194D7006F39F4 /* Frameworks */,
				38253C90251194D7006F39F4 /* Resources */,
				38253CC825119765006F39F4 /* Embed Frameworks */,
			);
			buildRules = (
			);
			dependencies = (
			);
			name = EssentialApp;
			productName = EssentialApp;
			productReference = 38253C92251194D7006F39F4 /* EssentialApp.app */;
			productType = "com.apple.product-type.application";
		};
		38253CA7251194D9006F39F4 /* EssentialAppTests */ = {
			isa = PBXNativeTarget;
			buildConfigurationList = 38253CB4251194D9006F39F4 /* Build configuration list for PBXNativeTarget "EssentialAppTests" */;
			buildPhases = (
				38253CA4251194D9006F39F4 /* Sources */,
				38253CA5251194D9006F39F4 /* Frameworks */,
				38253CA6251194D9006F39F4 /* Resources */,
			);
			buildRules = (
			);
			dependencies = (
				38253CAA251194D9006F39F4 /* PBXTargetDependency */,
			);
			name = EssentialAppTests;
			productName = EssentialAppTests;
			productReference = 38253CA8251194D9006F39F4 /* EssentialAppTests.xctest */;
			productType = "com.apple.product-type.bundle.unit-test";
		};
/* End PBXNativeTarget section */

/* Begin PBXProject section */
		38253C8A251194D7006F39F4 /* Project object */ = {
			isa = PBXProject;
			attributes = {
				LastSwiftUpdateCheck = 1200;
				LastUpgradeCheck = 1200;
				ORGANIZATIONNAME = "Jesús Alfredo Hernández Alarcón";
				TargetAttributes = {
					38253C91251194D7006F39F4 = {
						CreatedOnToolsVersion = 11.7;
					};
					38253CA7251194D9006F39F4 = {
						CreatedOnToolsVersion = 11.7;
						LastSwiftMigration = 1170;
						TestTargetID = 38253C91251194D7006F39F4;
					};
				};
			};
			buildConfigurationList = 38253C8D251194D7006F39F4 /* Build configuration list for PBXProject "EssentialApp" */;
			compatibilityVersion = "Xcode 9.3";
			developmentRegion = en;
			hasScannedForEncodings = 0;
			knownRegions = (
				en,
				Base,
			);
			mainGroup = 38253C89251194D7006F39F4;
			productRefGroup = 38253C93251194D7006F39F4 /* Products */;
			projectDirPath = "";
			projectRoot = "";
			targets = (
				38253C91251194D7006F39F4 /* EssentialApp */,
				38253CA7251194D9006F39F4 /* EssentialAppTests */,
			);
		};
/* End PBXProject section */

/* Begin PBXResourcesBuildPhase section */
		38253C90251194D7006F39F4 /* Resources */ = {
			isa = PBXResourcesBuildPhase;
			buildActionMask = 2147483647;
			files = (
				38253CA2251194D9006F39F4 /* LaunchScreen.storyboard in Resources */,
				38253C9F251194D9006F39F4 /* Assets.xcassets in Resources */,
			);
			runOnlyForDeploymentPostprocessing = 0;
		};
		38253CA6251194D9006F39F4 /* Resources */ = {
			isa = PBXResourcesBuildPhase;
			buildActionMask = 2147483647;
			files = (
			);
			runOnlyForDeploymentPostprocessing = 0;
		};
/* End PBXResourcesBuildPhase section */

/* Begin PBXSourcesBuildPhase section */
		38253C8E251194D7006F39F4 /* Sources */ = {
			isa = PBXSourcesBuildPhase;
			buildActionMask = 2147483647;
			files = (
				383FAA932521487E00C70BB0 /* LoadResourcePresentationAdapter.swift in Sources */,
				383FAA912521487E00C70BB0 /* FeedUIComposer.swift in Sources */,
				38253C96251194D7006F39F4 /* AppDelegate.swift in Sources */,
				383FAA902521487E00C70BB0 /* WeakRefVirtualProxy.swift in Sources */,
				38253C98251194D7006F39F4 /* SceneDelegate.swift in Sources */,
				383FAA952521487E00C70BB0 /* FeedViewAdapter.swift in Sources */,
				38D183BA2537D10B0029486A /* CombineHelpers.swift in Sources */,
			);
			runOnlyForDeploymentPostprocessing = 0;
		};
		38253CA4251194D9006F39F4 /* Sources */ = {
			isa = PBXSourcesBuildPhase;
			buildActionMask = 2147483647;
			files = (
				383FAABB252148CE00C70BB0 /* FeedUIIntegrationTests+LoaderSpy.swift in Sources */,
				383FAABE252148CE00C70BB0 /* UIRefreshControl+TestHelpers.swift in Sources */,
				383FAABA252148CE00C70BB0 /* FeedViewController+TestHelpers.swift in Sources */,
				3857AF83251BF4D5004CC829 /* SharedTestHelpers.swift in Sources */,
				383FAABD252148CE00C70BB0 /* UIImage+TestHelpers.swift in Sources */,
				3857AF91251C24EB004CC829 /* XCTestCase+FeedLoader.swift in Sources */,
				383FAAB6252148CE00C70BB0 /* UIControl+TestHelpers.swift in Sources */,
				383FAAB7252148CE00C70BB0 /* FeedUIIntegrationTests+Localization.swift in Sources */,
				383FAAB8252148CE00C70BB0 /* FeedUIIntegrationTests+Assertions.swift in Sources */,
				3857AFA6251C39B4004CC829 /* XCTestCase+FeedImageDataLoader.swift in Sources */,
				383FAB2425253F9400C70BB0 /* InMemoryFeedStore.swift in Sources */,
				383FAA8725213E6A00C70BB0 /* SceneDelegateTests.swift in Sources */,
				3857AFA3251C38E8004CC829 /* FeedImageDataLoaderSpy.swift in Sources */,
				383FAB2125253F3100C70BB0 /* HTTPClientStub.swift in Sources */,
				383FAABC252148CE00C70BB0 /* FeedImageCell+TestHelpers.swift in Sources */,
				38982DF52536322E0059DC3C /* UIView+TestHelpers.swift in Sources */,
				383FAAB9252148CE00C70BB0 /* UIButton+TestHelpers.swift in Sources */,
				383FAADA25214E9C00C70BB0 /* FeedAcceptanceTests.swift in Sources */,
				3857AF8E251C23B7004CC829 /* FeedLoaderStub.swift in Sources */,
				383FAACC25214A7400C70BB0 /* FeedUIIntegrationTests.swift in Sources */,
				3857AF7F251BF48A004CC829 /* XCTestCase+MemoryLeakTracking.swift in Sources */,
			);
			runOnlyForDeploymentPostprocessing = 0;
		};
/* End PBXSourcesBuildPhase section */

/* Begin PBXTargetDependency section */
		38253CAA251194D9006F39F4 /* PBXTargetDependency */ = {
			isa = PBXTargetDependency;
			target = 38253C91251194D7006F39F4 /* EssentialApp */;
			targetProxy = 38253CA9251194D9006F39F4 /* PBXContainerItemProxy */;
		};
/* End PBXTargetDependency section */

/* Begin PBXVariantGroup section */
		38253CA0251194D9006F39F4 /* LaunchScreen.storyboard */ = {
			isa = PBXVariantGroup;
			children = (
				38253CA1251194D9006F39F4 /* Base */,
			);
			name = LaunchScreen.storyboard;
			sourceTree = "<group>";
		};
/* End PBXVariantGroup section */

/* Begin XCBuildConfiguration section */
		38253CAF251194D9006F39F4 /* Debug */ = {
			isa = XCBuildConfiguration;
			buildSettings = {
				ALWAYS_SEARCH_USER_PATHS = NO;
				CLANG_ANALYZER_NONNULL = YES;
				CLANG_ANALYZER_NUMBER_OBJECT_CONVERSION = YES_AGGRESSIVE;
				CLANG_CXX_LANGUAGE_STANDARD = "gnu++14";
				CLANG_CXX_LIBRARY = "libc++";
				CLANG_ENABLE_MODULES = YES;
				CLANG_ENABLE_OBJC_ARC = YES;
				CLANG_ENABLE_OBJC_WEAK = YES;
				CLANG_WARN_BLOCK_CAPTURE_AUTORELEASING = YES;
				CLANG_WARN_BOOL_CONVERSION = YES;
				CLANG_WARN_COMMA = YES;
				CLANG_WARN_CONSTANT_CONVERSION = YES;
				CLANG_WARN_DEPRECATED_OBJC_IMPLEMENTATIONS = YES;
				CLANG_WARN_DIRECT_OBJC_ISA_USAGE = YES_ERROR;
				CLANG_WARN_DOCUMENTATION_COMMENTS = YES;
				CLANG_WARN_EMPTY_BODY = YES;
				CLANG_WARN_ENUM_CONVERSION = YES;
				CLANG_WARN_INFINITE_RECURSION = YES;
				CLANG_WARN_INT_CONVERSION = YES;
				CLANG_WARN_NON_LITERAL_NULL_CONVERSION = YES;
				CLANG_WARN_OBJC_IMPLICIT_RETAIN_SELF = YES;
				CLANG_WARN_OBJC_LITERAL_CONVERSION = YES;
				CLANG_WARN_OBJC_ROOT_CLASS = YES_ERROR;
				CLANG_WARN_QUOTED_INCLUDE_IN_FRAMEWORK_HEADER = YES;
				CLANG_WARN_RANGE_LOOP_ANALYSIS = YES;
				CLANG_WARN_STRICT_PROTOTYPES = YES;
				CLANG_WARN_SUSPICIOUS_MOVE = YES;
				CLANG_WARN_UNGUARDED_AVAILABILITY = YES_AGGRESSIVE;
				CLANG_WARN_UNREACHABLE_CODE = YES;
				CLANG_WARN__DUPLICATE_METHOD_MATCH = YES;
				COPY_PHASE_STRIP = NO;
				DEBUG_INFORMATION_FORMAT = dwarf;
				ENABLE_STRICT_OBJC_MSGSEND = YES;
				ENABLE_TESTABILITY = YES;
				GCC_C_LANGUAGE_STANDARD = gnu11;
				GCC_DYNAMIC_NO_PIC = NO;
				GCC_NO_COMMON_BLOCKS = YES;
				GCC_OPTIMIZATION_LEVEL = 0;
				GCC_PREPROCESSOR_DEFINITIONS = (
					"DEBUG=1",
					"$(inherited)",
				);
				GCC_WARN_64_TO_32_BIT_CONVERSION = YES;
				GCC_WARN_ABOUT_RETURN_TYPE = YES_ERROR;
				GCC_WARN_UNDECLARED_SELECTOR = YES;
				GCC_WARN_UNINITIALIZED_AUTOS = YES_AGGRESSIVE;
				GCC_WARN_UNUSED_FUNCTION = YES;
				GCC_WARN_UNUSED_VARIABLE = YES;
				IPHONEOS_DEPLOYMENT_TARGET = 13.7;
				MTL_ENABLE_DEBUG_INFO = INCLUDE_SOURCE;
				MTL_FAST_MATH = YES;
				ONLY_ACTIVE_ARCH = YES;
				SDKROOT = iphoneos;
				SWIFT_ACTIVE_COMPILATION_CONDITIONS = DEBUG;
				SWIFT_OPTIMIZATION_LEVEL = "-Onone";
			};
			name = Debug;
		};
		38253CB0251194D9006F39F4 /* Release */ = {
			isa = XCBuildConfiguration;
			buildSettings = {
				ALWAYS_SEARCH_USER_PATHS = NO;
				CLANG_ANALYZER_NONNULL = YES;
				CLANG_ANALYZER_NUMBER_OBJECT_CONVERSION = YES_AGGRESSIVE;
				CLANG_CXX_LANGUAGE_STANDARD = "gnu++14";
				CLANG_CXX_LIBRARY = "libc++";
				CLANG_ENABLE_MODULES = YES;
				CLANG_ENABLE_OBJC_ARC = YES;
				CLANG_ENABLE_OBJC_WEAK = YES;
				CLANG_WARN_BLOCK_CAPTURE_AUTORELEASING = YES;
				CLANG_WARN_BOOL_CONVERSION = YES;
				CLANG_WARN_COMMA = YES;
				CLANG_WARN_CONSTANT_CONVERSION = YES;
				CLANG_WARN_DEPRECATED_OBJC_IMPLEMENTATIONS = YES;
				CLANG_WARN_DIRECT_OBJC_ISA_USAGE = YES_ERROR;
				CLANG_WARN_DOCUMENTATION_COMMENTS = YES;
				CLANG_WARN_EMPTY_BODY = YES;
				CLANG_WARN_ENUM_CONVERSION = YES;
				CLANG_WARN_INFINITE_RECURSION = YES;
				CLANG_WARN_INT_CONVERSION = YES;
				CLANG_WARN_NON_LITERAL_NULL_CONVERSION = YES;
				CLANG_WARN_OBJC_IMPLICIT_RETAIN_SELF = YES;
				CLANG_WARN_OBJC_LITERAL_CONVERSION = YES;
				CLANG_WARN_OBJC_ROOT_CLASS = YES_ERROR;
				CLANG_WARN_QUOTED_INCLUDE_IN_FRAMEWORK_HEADER = YES;
				CLANG_WARN_RANGE_LOOP_ANALYSIS = YES;
				CLANG_WARN_STRICT_PROTOTYPES = YES;
				CLANG_WARN_SUSPICIOUS_MOVE = YES;
				CLANG_WARN_UNGUARDED_AVAILABILITY = YES_AGGRESSIVE;
				CLANG_WARN_UNREACHABLE_CODE = YES;
				CLANG_WARN__DUPLICATE_METHOD_MATCH = YES;
				COPY_PHASE_STRIP = NO;
				DEBUG_INFORMATION_FORMAT = "dwarf-with-dsym";
				ENABLE_NS_ASSERTIONS = NO;
				ENABLE_STRICT_OBJC_MSGSEND = YES;
				GCC_C_LANGUAGE_STANDARD = gnu11;
				GCC_NO_COMMON_BLOCKS = YES;
				GCC_WARN_64_TO_32_BIT_CONVERSION = YES;
				GCC_WARN_ABOUT_RETURN_TYPE = YES_ERROR;
				GCC_WARN_UNDECLARED_SELECTOR = YES;
				GCC_WARN_UNINITIALIZED_AUTOS = YES_AGGRESSIVE;
				GCC_WARN_UNUSED_FUNCTION = YES;
				GCC_WARN_UNUSED_VARIABLE = YES;
				IPHONEOS_DEPLOYMENT_TARGET = 13.7;
				MTL_ENABLE_DEBUG_INFO = NO;
				MTL_FAST_MATH = YES;
				SDKROOT = iphoneos;
				SWIFT_COMPILATION_MODE = wholemodule;
				SWIFT_OPTIMIZATION_LEVEL = "-O";
				VALIDATE_PRODUCT = YES;
			};
			name = Release;
		};
		38253CB2251194D9006F39F4 /* Debug */ = {
			isa = XCBuildConfiguration;
			buildSettings = {
				ASSETCATALOG_COMPILER_APPICON_NAME = AppIcon;
				CODE_SIGN_STYLE = Automatic;
				DEVELOPMENT_TEAM = HS399QXLRD;
				INFOPLIST_FILE = EssentialApp/Info.plist;
				IPHONEOS_DEPLOYMENT_TARGET = 13.0;
				LD_RUNPATH_SEARCH_PATHS = (
					"$(inherited)",
					"@executable_path/Frameworks",
				);
				PRODUCT_BUNDLE_IDENTIFIER = com.alfredohdz.EssentialApp;
				PRODUCT_NAME = "$(TARGET_NAME)";
				SWIFT_VERSION = 5.0;
				TARGETED_DEVICE_FAMILY = "1,2";
			};
			name = Debug;
		};
		38253CB3251194D9006F39F4 /* Release */ = {
			isa = XCBuildConfiguration;
			buildSettings = {
				ASSETCATALOG_COMPILER_APPICON_NAME = AppIcon;
				CODE_SIGN_STYLE = Automatic;
				DEVELOPMENT_TEAM = HS399QXLRD;
				INFOPLIST_FILE = EssentialApp/Info.plist;
				IPHONEOS_DEPLOYMENT_TARGET = 13.0;
				LD_RUNPATH_SEARCH_PATHS = (
					"$(inherited)",
					"@executable_path/Frameworks",
				);
				PRODUCT_BUNDLE_IDENTIFIER = com.alfredohdz.EssentialApp;
				PRODUCT_NAME = "$(TARGET_NAME)";
				SWIFT_VERSION = 5.0;
				TARGETED_DEVICE_FAMILY = "1,2";
			};
			name = Release;
		};
		38253CB5251194D9006F39F4 /* Debug */ = {
			isa = XCBuildConfiguration;
			buildSettings = {
				ALWAYS_EMBED_SWIFT_STANDARD_LIBRARIES = YES;
				BUNDLE_LOADER = "$(TEST_HOST)";
				CLANG_ENABLE_MODULES = YES;
				CODE_SIGN_STYLE = Automatic;
				DEVELOPMENT_TEAM = HS399QXLRD;
				INFOPLIST_FILE = EssentialAppTests/Info.plist;
				IPHONEOS_DEPLOYMENT_TARGET = 13.7;
				LD_RUNPATH_SEARCH_PATHS = (
					"$(inherited)",
					"@executable_path/Frameworks",
					"@loader_path/Frameworks",
				);
				PRODUCT_BUNDLE_IDENTIFIER = com.alfredohdz.EssentialAppTests;
				PRODUCT_NAME = "$(TARGET_NAME)";
				SWIFT_OPTIMIZATION_LEVEL = "-Onone";
				SWIFT_VERSION = 5.0;
				TARGETED_DEVICE_FAMILY = "1,2";
				TEST_HOST = "$(BUILT_PRODUCTS_DIR)/EssentialApp.app/EssentialApp";
			};
			name = Debug;
		};
		38253CB6251194D9006F39F4 /* Release */ = {
			isa = XCBuildConfiguration;
			buildSettings = {
				ALWAYS_EMBED_SWIFT_STANDARD_LIBRARIES = YES;
				BUNDLE_LOADER = "$(TEST_HOST)";
				CLANG_ENABLE_MODULES = YES;
				CODE_SIGN_STYLE = Automatic;
				DEVELOPMENT_TEAM = HS399QXLRD;
				INFOPLIST_FILE = EssentialAppTests/Info.plist;
				IPHONEOS_DEPLOYMENT_TARGET = 13.7;
				LD_RUNPATH_SEARCH_PATHS = (
					"$(inherited)",
					"@executable_path/Frameworks",
					"@loader_path/Frameworks",
				);
				PRODUCT_BUNDLE_IDENTIFIER = com.alfredohdz.EssentialAppTests;
				PRODUCT_NAME = "$(TARGET_NAME)";
				SWIFT_VERSION = 5.0;
				TARGETED_DEVICE_FAMILY = "1,2";
				TEST_HOST = "$(BUILT_PRODUCTS_DIR)/EssentialApp.app/EssentialApp";
			};
			name = Release;
		};
/* End XCBuildConfiguration section */

/* Begin XCConfigurationList section */
		38253C8D251194D7006F39F4 /* Build configuration list for PBXProject "EssentialApp" */ = {
			isa = XCConfigurationList;
			buildConfigurations = (
				38253CAF251194D9006F39F4 /* Debug */,
				38253CB0251194D9006F39F4 /* Release */,
			);
			defaultConfigurationIsVisible = 0;
			defaultConfigurationName = Release;
		};
		38253CB1251194D9006F39F4 /* Build configuration list for PBXNativeTarget "EssentialApp" */ = {
			isa = XCConfigurationList;
			buildConfigurations = (
				38253CB2251194D9006F39F4 /* Debug */,
				38253CB3251194D9006F39F4 /* Release */,
			);
			defaultConfigurationIsVisible = 0;
			defaultConfigurationName = Release;
		};
		38253CB4251194D9006F39F4 /* Build configuration list for PBXNativeTarget "EssentialAppTests" */ = {
			isa = XCConfigurationList;
			buildConfigurations = (
				38253CB5251194D9006F39F4 /* Debug */,
				38253CB6251194D9006F39F4 /* Release */,
			);
			defaultConfigurationIsVisible = 0;
			defaultConfigurationName = Release;
		};
/* End XCConfigurationList section */
	};
	rootObject = 38253C8A251194D7006F39F4 /* Project object */;
}
